# This file is automatically generated by fishy.
# It is not intended for manual editing.

version = 1

[[commits]]
entry_hash = "00208672e2b638e4ad02a26594b0a124c68728303caa92c58a2708b13b9e844c7794"
entry = "006b77d7cf89235bbfbd47aabf2c1554a7aca8fd70d076a53a8163b02159c3b1080001330020d71ccd9dd038adefad3260a41223e484edbc32e5c96b41df467c36bbd8c1d84b0baaa4bcf369a009b9532e3805eaaf919956c0e0dc05f97a88265bd8a241636474353508b20b3a823978d4fef9696e5cf9b533474f06154c8b58c3c1d6b8090c"
operation = "840100781a736368656d615f6669656c645f646566696e6974696f6e5f7631a2646e616d65646e616d65647479706563737472"

[[commits]]
entry_hash = "0020904d94e7446adf4a5622cae11f95024f36db34f246da4a74aa8630d4a3875031"
entry = "006b77d7cf89235bbfbd47aabf2c1554a7aca8fd70d076a53a8163b02159c3b10801018a002018227e5b2ea6d48237b11dadf461d6c58bc5617e0b46a7757b09f2b48df138b96746024c56a8010c3baf8b10757020558e4ce2a0a186414afdd4516b31877582d115015a99e7c5bef4b166525a0b1cab6bb671523bb104604fa275521a919500"
operation = "84010074736368656d615f646566696e6974696f6e5f7631a36b6465736372697074696f6e69546573742043686174666669656c6473818178443030323038363732653262363338653461643032613236353934623061313234633638373238333033636161393263353861323730386231336239653834346337373934646e616d656676656e756573"

[[commits]]
entry_hash = "00201782bb211707974a76ebd050e483153a3d6ecaeb61a02676cb40653f05b049c7"
entry = "006b77d7cf89235bbfbd47aabf2c1554a7aca8fd70d076a53a8163b02159c3b1080201940020108766928a2f6d6be05af92878d1e497b9c0f64066dccd6205d0379ef5bb82d1f68f329634e340406e1e73893527c0547c61f7758745008edddcfc43d96200d46db915727f74f336a2bfba99f3ad7c84b2ddff2053c92c20ff1309d667a5ed04"
operation = "840100781a736368656d615f6669656c645f646566696e6974696f6e5f7631a2646e616d656676656e7565736474797065786170696e6e65645f72656c6174696f6e5f6c6973742876656e7565735f303032303930346439346537343436616466346135363232636165313166393530323466333664623334663234366461346137346161383633306434613338373530333129"

[[commits]]
entry_hash = "002042404236109877c86e2e0fc3eee7150440f6ea27187173de5c72024272db5ea6"
entry = "006b77d7cf89235bbfbd47aabf2c1554a7aca8fd70d076a53a8163b02159c3b10803018e00203efca22ab707d61a901afcb287519cb83b8f2673dce0632d10bf414f21b0b1f2e6d22856c24cccdcfa50590af726123747e775e631a4ad1107e89e41c7809ca4551cc535cd68c5239e382e2ee44d27ec844f48291e85c28add21a375c9a52d0d"
operation = "84010074736368656d615f646566696e6974696f6e5f7631a36b6465736372697074696f6e6c546573742050726f66696c65666669656c6473818178443030323031373832626232313137303739373461373665626430353065343833313533613364366563616562363161303236373663623430363533663035623034396337646e616d656776697369746564"
