# This file is automatically generated by fishy.
# It is not intended for manual editing.

version = 1

[[commits]]
entry_hash = "002013c651cb76c4358a3657dbe9573d07cb1be7913e02c9b7b02e757522d11f4d4c"
entry = "007cb75fcafba0b64e4bdf72926fb13418e5526d80b6e91545000c639b2e7315f50001330020d71ccd9dd038adefad3260a41223e484edbc32e5c96b41df467c36bbd8c1d84bf9e60f40d24c0b424a5c5776368ac2b9a8c359f62467d5638d6a2d4f73477e950061a377fd9769842d5c3c3941af478000970f000b7528f5c5c3314676bb550c"
operation = "840100781a736368656d615f6669656c645f646566696e6974696f6e5f7631a2646e616d65646e616d65647479706563737472"

[[commits]]
entry_hash = "00204396e665a96afcbef5cd3cd87babadd647ce65a6ad543c725ecc9ecb0a941dc8"
entry = "007cb75fcafba0b64e4bdf72926fb13418e5526d80b6e91545000c639b2e7315f501017a00202d14b05525a4781cf30c77eca549275aebb45d85f4718adb390dca7940ddc5d22d84ca5dd1c9f0734d2acf33d4b44ca0c2506149dc414d6c4f681a89073aac58dc27dc315a1711a56508358607862d97ce96b496970c9b4eeb4ae8e4bfb9dd0e"
operation = "84010074736368656d615f646566696e6974696f6e5f7631a36b6465736372697074696f6e715461786f6e6f6d793a206b696e67646f6d666669656c647381815822002013c651cb76c4358a3657dbe9573d07cb1be7913e02c9b7b02e757522d11f4d4c646e616d65707461786f6e6f6d795f6b696e67646f6d"

[[commits]]
entry_hash = "0020f8fdde38661772698db3ebd3684dad075fd99e520441e86c2ac1d991ea059cd1"
entry = "007cb75fcafba0b64e4bdf72926fb13418e5526d80b6e91545000c639b2e7315f50201360020cdc5c040d2b2ab5614aa42e26b078f2628d6f8c8a5bbdca8a366789e1c359a598790ffb4df10037e6ec11e1070ceb266af64a8e989f9f486dc89a16e7e42341621823946021f35a62223b78e1547863e37ec7e730ffba101e48a9be718bec205"
operation = "840100781a736368656d615f6669656c645f646566696e6974696f6e5f7631a2646e616d6567636f6d6d656e74647479706563737472"

[[commits]]
entry_hash = "0020a8849bf8972aab7e156165bf4ef76139b9e161e4750c806f3d5b4eb581ba2c6f"
entry = "007cb75fcafba0b64e4bdf72926fb13418e5526d80b6e91545000c639b2e7315f50301370020bb5b4760ddfd459afb7d947f1cf6a687aee5bf77f1bdb1d5d46746a98628d633761847480ee61331f9d134ff7276f2c00db9309cc77f0d370fdc145721a91d792131c4e06cc7e77fb860354ae346c83f2fa29dcbaa43bcd6814775ad7d24f907"
operation = "840100781a736368656d615f6669656c645f646566696e6974696f6e5f7631a2646e616d65686461746574696d65647479706563737472"

[[commits]]
entry_hash = "00208b69eabfe41ef3bc0160d6d37abdfaaa8073a881abf785ae80cfe0df7ae8a87d"
entry = "007cb75fcafba0b64e4bdf72926fb13418e5526d80b6e91545000c639b2e7315f504014800201df43298b2aa2cd2b177bd94f88e2b81d53971792cac214e213310e2f12b98cb6f45414e15e9b97bedc0547662fa6d0d2b1935f82acf931f1cf28544fe98015fcad302e210ec11e5816e103526c7a94da4751083a8032eaa1a89359b435c3d0d"
operation = "840100781a736368656d615f6669656c645f646566696e6974696f6e5f7631a2646e616d6566696d6167657364747970657672656c6174696f6e5f6c69737428626c6f625f763129"

[[commits]]
entry_hash = "002098914462d08944f9ba8bd2b77092e75714433d54212f2b18523fae280af2761d"
entry = "007cb75fcafba0b64e4bdf72926fb13418e5526d80b6e91545000c639b2e7315f5050139002071fbca0dc90e37d9a9a8821d096cd964b372f96398d76c8cdd60ee150cbbc9a897c46d01aae5d9ac323c3b843a81a264a3af9ef3cd15eadc1be00fed87b210cdecff40b2734faa584919e6a0993502f10fdb60f149a95360402b75bf74dae409"
operation = "840100781a736368656d615f6669656c645f646566696e6974696f6e5f7631a2646e616d65686c61746974756465647479706565666c6f6174"

[[commits]]
entry_hash = "002005c40727dd91b2f5ab8554e512c836bb83614a6aa7792ade8595dba887e17619"
entry = "007cb75fcafba0b64e4bdf72926fb13418e5526d80b6e91545000c639b2e7315f506013a002052f0f4c485f9d9d79b38314f99029875fbf6c98387395864df93ae25d5f8dfd20447db36c90c0eaa3a20e8381f132b7f6efeaa13114565c17450c1e4d6f2db23ec7123c924f9f8ade494b2f66e0d9595b71b2b704131e9fad0d194f4db8e7c04"
operation = "840100781a736368656d615f6669656c645f646566696e6974696f6e5f7631a2646e616d65696c6f6e676974756465647479706565666c6f6174"

[[commits]]
entry_hash = "0020a84f751ffb3c2d3690d2a1cde853505ca1bf7c92c3aa7f807330a032e36cabdd"
entry = "007cb75fcafba0b64e4bdf72926fb13418e5526d80b6e91545000c639b2e7315f50701f901080020f9da73ed34bfbbf1834064058c4b83af0a0c46ced0eefd35ff44258a05bed81169cef1a1ecc60dd84802ca38fee07ec2bfce6c15b4bcd5cd2adad4df637248df1c960f179b3174310035c8457f53f3a5b2cb4cf806a68091df97c6a8cee83c02"
operation = "84010074736368656d615f646566696e6974696f6e5f7631a36b6465736372697074696f6e6e4120626565207369676874696e67666669656c6473858158220020f8fdde38661772698db3ebd3684dad075fd99e520441e86c2ac1d991ea059cd18158220020a8849bf8972aab7e156165bf4ef76139b9e161e4750c806f3d5b4eb581ba2c6f81582200208b69eabfe41ef3bc0160d6d37abdfaaa8073a881abf785ae80cfe0df7ae8a87d815822002098914462d08944f9ba8bd2b77092e75714433d54212f2b18523fae280af2761d815822002005c40727dd91b2f5ab8554e512c836bb83614a6aa7792ade8595dba887e17619646e616d656d6d656c695f7369676874696e67"

[[commits]]
entry_hash = "0020f730969a77af5ad3aeb03f85ca4ccd74c1ec2e1e81a45736b8ea14a83f343320"
entry = "007cb75fcafba0b64e4bdf72926fb13418e5526d80b6e91545000c639b2e7315f508019100205d37f7d075158cdbca92e1f2a53623565eeb288504c2b72f1481cc42350db886ac792d6f744fe85522c39bc7dfc7377a319e4d19f7786181bb134cb4eb6eabbb1a153b5fefe5e209a1001361703dd337bfa20e971d900467f640c3cd51e89205"
operation = "840100781a736368656d615f6669656c645f646566696e6974696f6e5f7631a2646e616d65687369676874696e676474797065785c72656c6174696f6e286d656c695f7369676874696e675f303032306138346637353166666233633264333639306432613163646538353335303563613162663763393263336161376638303733333061303332653336636162646429"

[[commits]]
entry_hash = "00205aac7316b3206fee6b3984b82146108b62ca6ed20922d9eacd766d1a5a2a63c9"
entry = "007cb75fcafba0b64e4bdf72926fb13418e5526d80b6e91545000c639b2e7315f50901930020db1445d438a9ad531fa978d50b759962ab13f01687936f1b48c98befbe15f9c0f206b81c407ad6f07a84a8626c034ed46f371897c90446fc661e0e9c18dee0b2872aa1ad91c12209921515cdf7d79bd96be7420337ae12e0d196059f7dae4308"
operation = "84010074736368656d615f646566696e6974696f6e5f7631a36b6465736372697074696f6e781b426565207369676874696e67206c6f636174696f6e3a2074726565666669656c6473818158220020f730969a77af5ad3aeb03f85ca4ccd74c1ec2e1e81a45736b8ea14a83f343320646e616d65781d6d656c695f617474726962757465735f6c6f636174696f6e5f74726565"

[[commits]]
entry_hash = "0020bf00ac270a094eee1327a344201e4db72d9bd51bbe59b23cc9cad83b30451fb0"
entry = "007cb75fcafba0b64e4bdf72926fb13418e5526d80b6e91545000c639b2e7315f50a019100205d37f7d075158cdbca92e1f2a53623565eeb288504c2b72f1481cc42350db88621b618704fe8cbfa13cd17ddb083815c71be63b1fa64f99a417a93c6e3982cc3186063affb3c0d50d8fef8a7a19c803337ed739107c1456710a0134a97d8e007"
operation = "840100781a736368656d615f6669656c645f646566696e6974696f6e5f7631a2646e616d65687369676874696e676474797065785c72656c6174696f6e286d656c695f7369676874696e675f303032306138346637353166666233633264333639306432613163646538353335303563613162663763393263336161376638303733333061303332653336636162646429"

[[commits]]
entry_hash = "0020d9632431bb68cbd01b6f55672346d7d6c75e04af7ff700aabbcd92fb1e68c93f"
entry = "007cb75fcafba0b64e4bdf72926fb13418e5526d80b6e91545000c639b2e7315f50b019700208b9e2bd3a7ec0197e81726822b7ace8f03ccc7ce4e27271c3168fe106ff47e8f37c1e6868afb3b400cb22d5030c8d30807fc33998a2400ce913aec1fb38f6bb04f159b7cbbccfa728515088209bc642c8a8dc26139c8b6c82be4c377f498a801"
operation = "84010074736368656d615f646566696e6974696f6e5f7631a36b6465736372697074696f6e781d426565207369676874696e67206c6f636174696f6e3a2067726f756e64666669656c6473818158220020bf00ac270a094eee1327a344201e4db72d9bd51bbe59b23cc9cad83b30451fb0646e616d65781f6d656c695f617474726962757465735f6c6f636174696f6e5f67726f756e64"

[[commits]]
entry_hash = "0020b963749ebf3bf48bcfedcfd9627f7d029e034eee6ef33b5829e5ef3e2280e05d"
entry = "007cb75fcafba0b64e4bdf72926fb13418e5526d80b6e91545000c639b2e7315f50c019100205d37f7d075158cdbca92e1f2a53623565eeb288504c2b72f1481cc42350db886a5210aacf07550890a00170416c8d78fbe1ef23374e86e9feaa83138f79a5b52e9ca14289f72e52c9231c6203c492a3898bce80d89ebeda5fdb5a43d387c7b0d"
operation = "840100781a736368656d615f6669656c645f646566696e6974696f6e5f7631a2646e616d65687369676874696e676474797065785c72656c6174696f6e286d656c695f7369676874696e675f303032306138346637353166666233633264333639306432613163646538353335303563613162663763393263336161376638303733333061303332653336636162646429"

[[commits]]
entry_hash = "00203c185e59e59f0c551fa770904043cbe33caf12d669b773733ecbea004508b6e8"
entry = "007cb75fcafba0b64e4bdf72926fb13418e5526d80b6e91545000c639b2e7315f50d019b00205953f935b7afaa0044304acb1753d4f4ae5769c0ffd8d9d76fa5a64addd248a29cfc9f66a611f912315c77d797284798108dc3e02dc5795e1d836c0be1c3cd4de0f22f22c3f696779a99937f3cd9c2202863f5f32d36dee4de37c2d63ff5c70d"
operation = "84010074736368656d615f646566696e6974696f6e5f7631a36b6465736372697074696f6e781f426565207369676874696e67206c6f636174696f6e3a206275696c64696e67666669656c6473818158220020b963749ebf3bf48bcfedcfd9627f7d029e034eee6ef33b5829e5ef3e2280e05d646e616d6578216d656c695f617474726962757465735f6c6f636174696f6e5f6275696c64696e67"

[[commits]]
entry_hash = "00208c4826494fdf5c18a4f7bd841f09861f1186c39caa1162e66dbd4751854fa483"
entry = "007cb75fcafba0b64e4bdf72926fb13418e5526d80b6e91545000c639b2e7315f50e01930020d850a381b14ef018458769c8d25bfedd4f7b840df18c299091bd830a33b3b49db3023091b570022d2fa1b5907dcba07ae4a7aa35ce5e5718697d42183fac77c502a88459b307e19925f9f17a3d8e6068447fbe3a8049586fcc77e175b9725309"
operation = "840100781a736368656d615f6669656c645f646566696e6974696f6e5f7631a2646e616d65676b696e67646f6d6474797065785f72656c6174696f6e287461786f6e6f6d795f6b696e67646f6d5f303032303433393665363635613936616663626566356364336364383762616261646436343763653635613661643534336337323565636339656362306139343164633829"

[[commits]]
entry_hash = "0020523ba4cd2a67f272829e85880ae7f0a4e5e0b783a86c83f2c4cd5ea781b0a47a"
entry = "007cb75fcafba0b64e4bdf72926fb13418e5526d80b6e91545000c639b2e7315f50f01330020d71ccd9dd038adefad3260a41223e484edbc32e5c96b41df467c36bbd8c1d84b3c420b5eb30c22c204c72a833717eb8acc1149f02c973384e80f1fc1f971bd32157ae63a6865016ddc1291d4b85c27adb96793d2d1959ab7eeac4dd7727fc600"
operation = "840100781a736368656d615f6669656c645f646566696e6974696f6e5f7631a2646e616d65646e616d65647479706563737472"

[[commits]]
entry_hash = "00205063692cfe2adcd3fe5462686513ab82481c62428ae1af32c33b69545e45a5a5"
entry = "007cb75fcafba0b64e4bdf72926fb13418e5526d80b6e91545000c639b2e7315f510019d00209f18334a6c34b5976461dd9fe927b57e1a6f27973457b40c72a291cda02738ac70944b0661e320ca3fda164251dcfbf5e90d46eacc14b0bb122ff01672e5564b48cbd4e33ccf34489b6c8affa8258cfb4232aa30a89d4bf71d744ef0a5792203"
operation = "84010074736368656d615f646566696e6974696f6e5f7631a36b6465736372697074696f6e705461786f6e6f6d793a207068796c756d666669656c64738281582200208c4826494fdf5c18a4f7bd841f09861f1186c39caa1162e66dbd4751854fa4838158220020523ba4cd2a67f272829e85880ae7f0a4e5e0b783a86c83f2c4cd5ea781b0a47a646e616d656f7461786f6e6f6d795f7068796c756d"

[[commits]]
entry_hash = "00202a619be7ef0c9f3f86b0f09bd41ef67da822b5d296a023c01cdb9172fec5446f"
entry = "007cb75fcafba0b64e4bdf72926fb13418e5526d80b6e91545000c639b2e7315f511019100205d37f7d075158cdbca92e1f2a53623565eeb288504c2b72f1481cc42350db886cfe2451f7d0bb23c13178c45fb30358cf609676ed48984a6b0c4a210fc0fb231a2b5f097f0ba9deb6cfe1acb197000b824d6860b4222ec0ef8a8149dd1e59c06"
operation = "840100781a736368656d615f6669656c645f646566696e6974696f6e5f7631a2646e616d65687369676874696e676474797065785c72656c6174696f6e286d656c695f7369676874696e675f303032306138346637353166666233633264333639306432613163646538353335303563613162663763393263336161376638303733333061303332653336636162646429"

[[commits]]
entry_hash = "0020bbe767a54e21bcb50e73f0b78dd0f7e7b456e8a8d8e1d119a394023501567b45"
entry = "007cb75fcafba0b64e4bdf72926fb13418e5526d80b6e91545000c639b2e7315f51201370020f6a517777827bb77ff6d0bd5f54c22ae0c5813eb07f49e7a94e5035d00bc449ee365dd10319f21564786a2a84ba9afbff89d7fbbc3e8451b74316103879533e3ba5a4f98914456f9163922bfd15a1fcb443ff2fa4e466a7967d287ed5a9c2c05"
operation = "840100781a736368656d615f6669656c645f646566696e6974696f6e5f7631a2646e616d6568757365645f666f72647479706563737472"

[[commits]]
entry_hash = "0020abfbe46e69cdc15ac68f50bfb46dac8e9ddc26ae92c48ea27ffc18f8f0c574bf"
entry = "007cb75fcafba0b64e4bdf72926fb13418e5526d80b6e91545000c639b2e7315f51301b5002073c40882f8b431ede54fefa58b46b29cc6b985e8c6c8e5d7fc2f0103240d8a834be14f759f208ba3400ee063314d773d4c16130e8213f9b5dd826fe12d2a3c2f783462f25776b1e35525a38595533990c4d6e1880401acdf88f557f1d7e6ec0b"
operation = "84010074736368656d615f646566696e6974696f6e5f7631a36b6465736372697074696f6e781d576861742061206265657320686f6e6579206973207573656420666f72666669656c64738281582200202a619be7ef0c9f3f86b0f09bd41ef67da822b5d296a023c01cdb9172fec5446f8158220020bbe767a54e21bcb50e73f0b78dd0f7e7b456e8a8d8e1d119a394023501567b45646e616d6578186d656c695f617474726962757465735f757365645f666f72"

[[commits]]
entry_hash = "00203213aaaf4df8cd1e544511d730e3c1dad51f3de4ed15c08637db4ed3df3786ae"
entry = "007cb75fcafba0b64e4bdf72926fb13418e5526d80b6e91545000c639b2e7315f514019100205d37f7d075158cdbca92e1f2a53623565eeb288504c2b72f1481cc42350db886cc78654231f2429b35431fe428d366ccdde9a61e00a16d6345e186e6a5b4e4f7dd67b97d927f338fcf13d2567fbb924a5d36543a8a9f1fb9d100ba3915871705"
operation = "840100781a736368656d615f6669656c645f646566696e6974696f6e5f7631a2646e616d65687369676874696e676474797065785c72656c6174696f6e286d656c695f7369676874696e675f303032306138346637353166666233633264333639306432613163646538353335303563613162663763393263336161376638303733333061303332653336636162646429"

[[commits]]
entry_hash = "00202224257c5524b44c939e2a82af1de54edd26eaa52a5dbf8399e880f4a97b2ec6"
entry = "007cb75fcafba0b64e4bdf72926fb13418e5526d80b6e91545000c639b2e7315f51501910020d607e4b9cbf1d302d8d4a11e79693129ba4c41b47ea5b6660f5e4efb75ad49a7735bb14f63b02996738fbd62408ea2bf4b226cc1b385578a72acd2fab978f88d1d3e131d9b913a4f580894e991d80dea6adb08a85cba187f10235a9dd4c45f00"
operation = "84010074736368656d615f646566696e6974696f6e5f7631a36b6465736372697074696f6e781a426565207369676874696e67206c6f636174696f6e3a20626f78666669656c64738181582200203213aaaf4df8cd1e544511d730e3c1dad51f3de4ed15c08637db4ed3df3786ae646e616d65781c6d656c695f617474726962757465735f6c6f636174696f6e5f626f78"

[[commits]]
entry_hash = "00204625c579984c853d983f4b06b6a07e47af0d1cbd286516dd79ab3401ab1d1437"
entry = "007cb75fcafba0b64e4bdf72926fb13418e5526d80b6e91545000c639b2e7315f51601330020d71ccd9dd038adefad3260a41223e484edbc32e5c96b41df467c36bbd8c1d84b04cfc4cf828306a6bad53da847d810f4a997f55a467fd488916331edc3d024e4ce9c4e69a6399033a42d1e0bd11517add7b44ad99572d722fc31ad8172166003"
operation = "840100781a736368656d615f6669656c645f646566696e6974696f6e5f7631a2646e616d65646e616d65647479706563737472"

[[commits]]
entry_hash = "0020214031ec5e1ece0ec1f60b24bcd270cca21ae7040a50b85231b65b9237073c95"
entry = "007cb75fcafba0b64e4bdf72926fb13418e5526d80b6e91545000c639b2e7315f5170191002015737d25e26fc778cb4135ee643e56eacf5adf94e428b72f875270e1dfe94e3cb64b466a46f9c3cfe333ca84d4093825d910246c007f6dfa85e5561165985ae74dc0a4bd0a6b4d6f0e9e6743b274e5626356ede7c98737649aeb9932aa11910e"
operation = "840100781a736368656d615f6669656c645f646566696e6974696f6e5f7631a2646e616d65667068796c756d6474797065785e72656c6174696f6e287461786f6e6f6d795f7068796c756d5f303032303530363336393263666532616463643366653534363236383635313361623832343831633632343238616531616633326333336236393534356534356135613529"

[[commits]]
entry_hash = "00207d2f642dafda066d632b7f57b63d23afd4e870e38232fc5da964564e876f4a5b"
entry = "007cb75fcafba0b64e4bdf72926fb13418e5526d80b6e91545000c639b2e7315f518019b002011f6b67a12f58d7996238bd87fcd839335cf36ee51e16eaa7660e8ad57ed08f17781ffb8cd8f7484107915a0594624c617cd0cf42593767d5d2fa5251b7c582c8d64bf8e582ab53546ae41ccc4409c57c792514cfe0d2f214f1eb906d6d33a01"
operation = "84010074736368656d615f646566696e6974696f6e5f7631a36b6465736372697074696f6e6f5461786f6e6f6d793a20636c617373666669656c64738281582200204625c579984c853d983f4b06b6a07e47af0d1cbd286516dd79ab3401ab1d14378158220020214031ec5e1ece0ec1f60b24bcd270cca21ae7040a50b85231b65b9237073c95646e616d656e7461786f6e6f6d795f636c617373"

[[commits]]
entry_hash = "002049fd322a832d3095304b08e02c0c21cb47b8023e366349c40804b914e7d4fbea"
entry = "007cb75fcafba0b64e4bdf72926fb13418e5526d80b6e91545000c639b2e7315f519018f0020057754e6d0c41fa261fb2e1459585c8a9c94c1eccbfb07f6530a09cf050504fc97d3576c4b1b92697d0f8696a4ff97194fcd347555f41c012a35056e9677c9f99a8ecde27eee3fde8f201adfbf50c36feb5907307e4c06b748aa9fd0645b4103"
operation = "840100781a736368656d615f6669656c645f646566696e6974696f6e5f7631a2646e616d6565636c6173736474797065785d72656c6174696f6e287461786f6e6f6d795f636c6173735f303032303764326636343264616664613036366436333262376635376236336432336166643465383730653338323332666335646139363435363465383736663461356229"

[[commits]]
entry_hash = "0020ad7c96ae21060a74a37f0eb66de4bdfab049fc325d31d59cacf2b96c77aaa1fd"
entry = "007cb75fcafba0b64e4bdf72926fb13418e5526d80b6e91545000c639b2e7315f51a01330020d71ccd9dd038adefad3260a41223e484edbc32e5c96b41df467c36bbd8c1d84b6c19d932c1d3ad4786bedfd1531011670234acd4d7a460bc6192e304a52b45fe1947f689d32fea89160c23601e7f51d4c0b054c313bedabf6b75bcf95b9ab00d"
operation = "840100781a736368656d615f6669656c645f646566696e6974696f6e5f7631a2646e616d65646e616d65647479706563737472"

[[commits]]
entry_hash = "0020e10395284ab88ae5599bda2f278a0e562334a2a84a8a82e48b552f347d2d1be4"
entry = "007cb75fcafba0b64e4bdf72926fb13418e5526d80b6e91545000c639b2e7315f51b019b0020345684adc02e7a210d8a629cbf65aa96079dbdd59decde7f403bd4812a17bc82c4e9ee78e2022f8826a4fc6a44f86c8c4c4d23633a3d82543ef3a90713a038f9bd34b93e2dc0af612295a52a8a2bb5512cfc23b274af1eaa6c8cafc759163e00"
operation = "84010074736368656d615f646566696e6974696f6e5f7631a36b6465736372697074696f6e6f5461786f6e6f6d793a206f72646572666669656c647382815822002049fd322a832d3095304b08e02c0c21cb47b8023e366349c40804b914e7d4fbea8158220020ad7c96ae21060a74a37f0eb66de4bdfab049fc325d31d59cacf2b96c77aaa1fd646e616d656e7461786f6e6f6d795f6f72646572"

[[commits]]
entry_hash = "0020135ba2ac7b035b4d6990cf3d41845bae15ebbe7c98d614b2d9cc637e552723e0"
entry = "007cb75fcafba0b64e4bdf72926fb13418e5526d80b6e91545000c639b2e7315f51c01330020d71ccd9dd038adefad3260a41223e484edbc32e5c96b41df467c36bbd8c1d84bfd5b6f307a3a6d094c25b580c4f5980628429e28b83e5e0a2b697c0f6a614719f27c4e12c4e0d12ef8e7057bc68f4023e4a7c0d83d8b6f64b8a4f94a3224a007"
operation = "840100781a736368656d615f6669656c645f646566696e6974696f6e5f7631a2646e616d65646e616d65647479706563737472"

[[commits]]
entry_hash = "0020715f2236bfc98162a84dcf2e35c4abe386ed06bb106d7b394e8a5780ead94da4"
entry = "007cb75fcafba0b64e4bdf72926fb13418e5526d80b6e91545000c639b2e7315f51d018f0020cdd2e85b06a147e2d36ad2def45f4db993731ccaaa45a64d8db4ae95469a437d37a40b74f9ffdb65f54c1bd000365001b06641e251e12633c7661a995ff48a919e441e77d18e0372a227cc5d69d2b198350ca69e91e80c91d51b7c91d6ae9608"
operation = "840100781a736368656d615f6669656c645f646566696e6974696f6e5f7631a2646e616d65656f726465726474797065785d72656c6174696f6e287461786f6e6f6d795f6f726465725f303032306531303339353238346162383861653535393962646132663237386130653536323333346132613834613861383265343862353532663334376432643162653429"

[[commits]]
entry_hash = "0020c19907f238ca92e045c2cc5445ccaaf43c2b2a244276b5f4e3de72e74f9ee0c1"
entry = "007cb75fcafba0b64e4bdf72926fb13418e5526d80b6e91545000c639b2e7315f51e019d00207a719b841cb3c5c06b5264a654bb127cc887691d0ec5afbf5729e29d9a9227376a1cfa1ed51054f6e624f7cebbabb1e1b29498a48c0d4c7169fddf68028bf233d4e23541d3594bfa0642db47d61c24b6841680336f2ba5b6d171474e9d35b803"
operation = "84010074736368656d615f646566696e6974696f6e5f7631a36b6465736372697074696f6e705461786f6e6f6d793a2066616d696c79666669656c6473828158220020135ba2ac7b035b4d6990cf3d41845bae15ebbe7c98d614b2d9cc637e552723e08158220020715f2236bfc98162a84dcf2e35c4abe386ed06bb106d7b394e8a5780ead94da4646e616d656f7461786f6e6f6d795f66616d696c79"

[[commits]]
entry_hash = "0020150acdde77fee9ee687e311d090d20e06ffa0fb2de0406fe3e65a3d274b600cc"
entry = "007cb75fcafba0b64e4bdf72926fb13418e5526d80b6e91545000c639b2e7315f51f01910020d0da66100fd325a2190d87614fd78ad0fb38bbbb1392d029e31e1584ad42a4a713394e09a27c3feed08613bee39d4341bbb54ae01990787c94fc9ec44b120873e56385f51c5ca7386705a4884c6a312426218819a9b13213aa38d910880d7705"
operation = "840100781a736368656d615f6669656c645f646566696e6974696f6e5f7631a2646e616d656666616d696c796474797065785e72656c6174696f6e287461786f6e6f6d795f66616d696c795f303032306331393930376632333863613932653034356332636335343435636361616634336332623261323434323736623566346533646537326537346639656530633129"

[[commits]]
entry_hash = "002032a65def170d37913e9c79a0431f1fecd0b58eca67c445c6e2c3ff3dbc34acf9"
entry = "007cb75fcafba0b64e4bdf72926fb13418e5526d80b6e91545000c639b2e7315f52001330020d71ccd9dd038adefad3260a41223e484edbc32e5c96b41df467c36bbd8c1d84bd12e131bc2a9e2c3e2b164a140e998f8b617b65d5dbd96b6ad5fb8899a83d755087bf4a15ba2dc07cce42040109bfd18bd832f544833ccfc0111632e00e04300"
operation = "840100781a736368656d615f6669656c645f646566696e6974696f6e5f7631a2646e616d65646e616d65647479706563737472"

[[commits]]
entry_hash = "002091b7017280f9e59471c63f775ce08f8d78cc1f014f1fbbde896438641c6d5e26"
entry = "007cb75fcafba0b64e4bdf72926fb13418e5526d80b6e91545000c639b2e7315f52101a300205cd4bab51d72904cb7f7de39e7fee41ca0848f8cbb1177e3cdc4861fcf7ee1d8d0a002ae6c4df0558f850ac98e94f9d1494c9b01a65aac13f07d92f6e8ac609cbb50f29c0bbd05046accbf3c1a8f1f3f944ef4db2e893d10be4f14209fe28f07"
operation = "84010074736368656d615f646566696e6974696f6e5f7631a36b6465736372697074696f6e735461786f6e6f6d793a2073756266616d696c79666669656c6473828158220020150acdde77fee9ee687e311d090d20e06ffa0fb2de0406fe3e65a3d274b600cc815822002032a65def170d37913e9c79a0431f1fecd0b58eca67c445c6e2c3ff3dbc34acf9646e616d65727461786f6e6f6d795f73756266616d696c79"

[[commits]]
entry_hash = "00208d8dc86a8efa80471b14e06901dc0bd1801d964addcf1e284827d7fc488acada"
entry = "007cb75fcafba0b64e4bdf72926fb13418e5526d80b6e91545000c639b2e7315f52201330020d71ccd9dd038adefad3260a41223e484edbc32e5c96b41df467c36bbd8c1d84bb8a95d1a537c69f0b6f880fc20839a4951307bf809681d8886431d4ead6e101647d33b9c03bcafd134ac4ec291abd1fed1fd68a36a5a3cad7fd7a22db46dde09"
operation = "840100781a736368656d615f6669656c645f646566696e6974696f6e5f7631a2646e616d65646e616d65647479706563737472"

[[commits]]
entry_hash = "002044c22d09f3452b155e28cb470973f0574437c82a8a3feb0f3d5ef90c9e5b1149"
entry = "007cb75fcafba0b64e4bdf72926fb13418e5526d80b6e91545000c639b2e7315f523019700206046411823b6a59c3fa45224bc8f24b186e868fff6498e3d614eccfb1c2da8d5e4d925fb1fbf1e0c22efe80e38eb538ab9d8d63293d5371c95f4e8f79839ae9d508b37d9e77f9b0fcd1c9500bcfb4c1edf70de0f70ff7bc6cd605c7e7fb1c009"
operation = "840100781a736368656d615f6669656c645f646566696e6974696f6e5f7631a2646e616d656973756266616d696c796474797065786172656c6174696f6e287461786f6e6f6d795f73756266616d696c795f303032303931623730313732383066396535393437316336336637373563653038663864373863633166303134663166626264653839363433383634316336643565323629"

[[commits]]
entry_hash = "0020172cfaeeda3371de0e237d5202d82ea20abcd1a712e821825aa23a599fe5b16c"
entry = "007cb75fcafba0b64e4bdf72926fb13418e5526d80b6e91545000c639b2e7315f524019b00209e61da6d4a60632baa03e120b652d9ef7cd7d28729c3e5eaba290ab570ecd504e70f60f59f8e65ae5e4b7a81ad6b2723729838d9a5fb9f8c49d36f0d7370d80aa4bedde5f2d9c3c5757b7b2d34d37f62e83be04d68c32defe07d6f12e32a7609"
operation = "84010074736368656d615f646566696e6974696f6e5f7631a36b6465736372697074696f6e6f5461786f6e6f6d793a207472696265666669656c64738281582200208d8dc86a8efa80471b14e06901dc0bd1801d964addcf1e284827d7fc488acada815822002044c22d09f3452b155e28cb470973f0574437c82a8a3feb0f3d5ef90c9e5b1149646e616d656e7461786f6e6f6d795f7472696265"

[[commits]]
entry_hash = "002056356f915abef728ef82c6e00982041a732f855c011d594e1455b07758cf8b5b"
entry = "007cb75fcafba0b64e4bdf72926fb13418e5526d80b6e91545000c639b2e7315f52501330020d71ccd9dd038adefad3260a41223e484edbc32e5c96b41df467c36bbd8c1d84b05ed979be78c47af3d0a8ebedc43f84c5336151ab6f4d23799de242f7214b67bcc1413df6568692c4771bf15b8a5065751b6cfb613b0eed628dcbea8f1677504"
operation = "840100781a736368656d615f6669656c645f646566696e6974696f6e5f7631a2646e616d65646e616d65647479706563737472"

[[commits]]
entry_hash = "00207e6c9715df6b6263d288b654de21c8996b9d8bcbce941ecba0620a2cac0a8d66"
entry = "007cb75fcafba0b64e4bdf72926fb13418e5526d80b6e91545000c639b2e7315f526018f00208f7470b4313ad2c873cda8476b19169304d48a2118112a6506121e6fd24f0164c53c10ea9683c16052ff20b6a8da31853b8b5bd6923da626457839008d8de3b6ecce4e9bb56b1dc156e2756f61bb04a4919de6ea4fb22b54c4ea367c47fb350a"
operation = "840100781a736368656d615f6669656c645f646566696e6974696f6e5f7631a2646e616d656574726962656474797065785d72656c6174696f6e287461786f6e6f6d795f74726962655f303032303137326366616565646133333731646530653233376435323032643832656132306162636431613731326538323138323561613233613539396665356231366329"

[[commits]]
entry_hash = "0020229eeb50b4a6092f5c2e42a3a7bbaadad63dea3ec3d9618e1552a4318ababa6e"
entry = "007cb75fcafba0b64e4bdf72926fb13418e5526d80b6e91545000c639b2e7315f527019b0020c8a6353587859575c4889e2c758176f04e0a6a52effdac0a84603a6d26982f16a26d33e6cb955fe8cbcd939e75e16884ee20c36165f33dc02c5800bed3ef40d03a884f2e8faedb5dc1369e085d21fe4b36ed67a826d638b20b419bb340daea0b"
operation = "84010074736368656d615f646566696e6974696f6e5f7631a36b6465736372697074696f6e6f5461786f6e6f6d793a2067656e7573666669656c647382815822002056356f915abef728ef82c6e00982041a732f855c011d594e1455b07758cf8b5b81582200207e6c9715df6b6263d288b654de21c8996b9d8bcbce941ecba0620a2cac0a8d66646e616d656e7461786f6e6f6d795f67656e7573"

[[commits]]
entry_hash = "0020d92c73b19fcf6ac8f3864662bf6f3272c03724ff297967024dc8c053272c2d41"
entry = "007cb75fcafba0b64e4bdf72926fb13418e5526d80b6e91545000c639b2e7315f528018f0020a3b9719b050aaf676bd4e848dbcf0c3a39c1cd6d17f007b559119271906506979a245796a43acfb469b6b4fa46c728ab8ea91652610e27f3f8df47e0ad8bf11cd14a8c13199f634daed08fabc2492f7833470cb0ffd5ee729b70b225c62a570d"
operation = "840100781a736368656d615f6669656c645f646566696e6974696f6e5f7631a2646e616d656567656e75736474797065785d72656c6174696f6e287461786f6e6f6d795f67656e75735f303032303232396565623530623461363039326635633265343261336137626261616461643633646561336563336439363138653135353261343331386162616261366529"

[[commits]]
entry_hash = "0020cc430e5db71703239bee1183843d68bece745a4a959efa9b644fc97d68922610"
entry = "007cb75fcafba0b64e4bdf72926fb13418e5526d80b6e91545000c639b2e7315f52901330020d71ccd9dd038adefad3260a41223e484edbc32e5c96b41df467c36bbd8c1d84bedb5f1a7b89c497f4643a9d6deed06b7ecfdb5e20d94988edda65e67ca18cd70979bd8c03fc454bdbc0ac76b4282a925783b388e9ed7f336040f0982ed5cf40a"
operation = "840100781a736368656d615f6669656c645f646566696e6974696f6e5f7631a2646e616d65646e616d65647479706563737472"

[[commits]]
entry_hash = "002026ba2daee99a70bc66fa93cbde2732fbe8484634fd6557de457741b8cd813686"
entry = "007cb75fcafba0b64e4bdf72926fb13418e5526d80b6e91545000c639b2e7315f52a019f00201ea232a378fada26b051ab75a6af22c56df9bc5b5c627bd59c192ccca8f1982e309dd6ba49a8b6174ca84f18782f136c848a9bc76d4959132153a5ac8533466804d588c75f09ebbef57142e2a55d2d55f6130f576f11a6c29fd5ddb7ae8c8203"
operation = "84010074736368656d615f646566696e6974696f6e5f7631a36b6465736372697074696f6e715461786f6e6f6d793a2073706563696573666669656c6473828158220020d92c73b19fcf6ac8f3864662bf6f3272c03724ff297967024dc8c053272c2d418158220020cc430e5db71703239bee1183843d68bece745a4a959efa9b644fc97d68922610646e616d65707461786f6e6f6d795f73706563696573"

[[commits]]
entry_hash = "00207f68e11f92f0be82cd4a9586aaad3347539bcd147dbb4ef6835a8b67b6fc042b"
entry = "007cb75fcafba0b64e4bdf72926fb13418e5526d80b6e91545000c639b2e7315f52b013a002022994afb85681d52705a2b77a286922848d0cfb9f875226a3213d3dd4fc70eceaddb4e38f6f7de97d03d38457d2958af6cbccca0725bccaf4df72b88b1efe83a03bfa8c59234965ac4b3f68fd1f6fddacbb6c6748035640a4fb135d0ec534c01"
operation = "840100781a736368656d615f6669656c645f646566696e6974696f6e5f7631a2646e616d656b6465736372697074696f6e647479706563737472"

[[commits]]
entry_hash = "0020876b65206fe7546c9aea0e88e96fbda4cf5dea9be11c2d10d13408dd8c498f5e"
entry = "007cb75fcafba0b64e4bdf72926fb13418e5526d80b6e91545000c639b2e7315f52c01930020ab65bc4303f1513664bd306262c87e9c924ad00e22c004960bea277fdd6b56819a18c908ea4762a3114730ac2b4b6f1c57ac7af8d3ebfe7e796ec750eea41ee1065c96c9fe85184d8f10c68dfe0d9a69e28cd132be5b40a2080644e5dd891a00"
operation = "840100781a736368656d615f6669656c645f646566696e6974696f6e5f7631a2646e616d6567737065636965736474797065785f72656c6174696f6e287461786f6e6f6d795f737065636965735f303032303236626132646165653939613730626336366661393363626465323733326662653834383436333466643635353764653435373734316238636438313336383629"

[[commits]]
entry_hash = "0020888a6482080bbfd0130ab4fbbe899db2f25d83d6324ed1c049866cabcecfcc87"
entry = "007cb75fcafba0b64e4bdf72926fb13418e5526d80b6e91545000c639b2e7315f52d019e00201e3255b97eacec767660614db30ad53b0e881fa0a26d60fdb8b8073122e69819f1d9a477b290b2f505e76dd8af7a5c92bb2307949f32add64bf3f9310faf2c7032d04fabe76b01f7913bb0439e555cc0b4163d68c3e1a4d6e6f733096ee7a400"
operation = "84010074736368656d615f646566696e6974696f6e5f7631a36b6465736372697074696f6e745468652073706563696573206f66206120626565666669656c64738281582200207f68e11f92f0be82cd4a9586aaad3347539bcd147dbb4ef6835a8b67b6fc042b8158220020876b65206fe7546c9aea0e88e96fbda4cf5dea9be11c2d10d13408dd8c498f5e646e616d656c6d656c695f73706563696573"

[[commits]]
entry_hash = "0020b16e6b2a626280215c94e83950a0a961d5b1e5c80b263e7ea09a08c45f2bcb64"
entry = "007cb75fcafba0b64e4bdf72926fb13418e5526d80b6e91545000c639b2e7315f52e019100205d37f7d075158cdbca92e1f2a53623565eeb288504c2b72f1481cc42350db8861bc70fd5516233009820ba5812aa87dc357149788cd6d54c56fdf038725a3bef0f9b04079ed3203f5a3bdf5ee63def287d8a004f65e535bbb754d4f9b6e3ed0b"
operation = "840100781a736368656d615f6669656c645f646566696e6974696f6e5f7631a2646e616d65687369676874696e676474797065785c72656c6174696f6e286d656c695f7369676874696e675f303032306138346637353166666233633264333639306432613163646538353335303563613162663763393263336161376638303733333061303332653336636162646429"

[[commits]]
entry_hash = "0020558168e8feec48f5f5eff296919507e2889573df5eb3964af7eb8e5687163180"
entry = "007cb75fcafba0b64e4bdf72926fb13418e5526d80b6e91545000c639b2e7315f52f018f00205377c1957903eb89ccf8f682650dbf84580c6d50de1cdb706d9d1c7398730a0715f970a2535a6ab3b3702763edf02406fcb2058cad8e97e5ecc9ec8a68aa95dd038bd637de5e65520d150cdffc325ceb4b6b8191c261cd07a499ee4994957100"
operation = "840100781a736368656d615f6669656c645f646566696e6974696f6e5f7631a2646e616d6567737065636965736474797065785b72656c6174696f6e286d656c695f737065636965735f303032303838386136343832303830626266643031333061623466626265383939646232663235643833643633323465643163303439383636636162636563666363383729"

[[commits]]
entry_hash = "00201d4ebf6464024a85ca9bdbaa05631755f6f3ad697d324e1a915bb1cb635df15a"
entry = "007cb75fcafba0b64e4bdf72926fb13418e5526d80b6e91545000c639b2e7315f53001c000201fb528cb59074e343917b0c0e4660607ddbf4b6ed59f1268a7827ae01829bdea87e8bf743f756b3ac7e9fb7687305da6b574d70e0f0091de4904616cdbde4618a1e5e32fff06cce4b4d76085efb21de5e0b47f4f4cfbd34147f822d32c64c00d"
operation = "84010074736368656d615f646566696e6974696f6e5f7631a36b6465736372697074696f6e782c4173736f63696174696f6e206f66206120737065636965732077697468206120626565207369676874696e67666669656c6473828158220020b16e6b2a626280215c94e83950a0a961d5b1e5c80b263e7ea09a08c45f2bcb648158220020558168e8feec48f5f5eff296919507e2889573df5eb3964af7eb8e5687163180646e616d65756d656c695f7369676874696e675f73706563696573"

[[commits]]
entry_hash = "002014ec1bec0c4c15ca4f3340b603e922514f5be28551e97fcad510dd855dd2fde3"
entry = "007cb75fcafba0b64e4bdf72926fb13418e5526d80b6e91545000c639b2e7315f53101330020d71ccd9dd038adefad3260a41223e484edbc32e5c96b41df467c36bbd8c1d84b45b3ac9c9d9c78e5f324577c7d619ef127f47a4f4cd8d6ad97e05a4fe41523573de7eaed1be0b76325e5351f3c071b4fe48f00dbb3cb63550600a5f8431b610f"
operation = "840100781a736368656d615f6669656c645f646566696e6974696f6e5f7631a2646e616d65646e616d65647479706563737472"

[[commits]]
entry_hash = "0020bfd5c4ab258cc47dabd53bda42420e01b7a07a29f57d33c90736907f1ba9c41f"
entry = "007cb75fcafba0b64e4bdf72926fb13418e5526d80b6e91545000c639b2e7315f532018f00205377c1957903eb89ccf8f682650dbf84580c6d50de1cdb706d9d1c7398730a076c952867b01e234bace5d34dae407156db18551bf40573f6bd6670cdaf290d7bce10fc8b05b62653097057155256c5cd12106d71579f589f79c9a6bf46c7d001"
operation = "840100781a736368656d615f6669656c645f646566696e6974696f6e5f7631a2646e616d6567737065636965736474797065785b72656c6174696f6e286d656c695f737065636965735f303032303838386136343832303830626266643031333061623466626265383939646232663235643833643633323465643163303439383636636162636563666363383729"

[[commits]]
entry_hash = "00209d88ef8ed780eabcfbb8198aeaffea6945510cc305afa8751bf57b4769a7b79c"
entry = "007cb75fcafba0b64e4bdf72926fb13418e5526d80b6e91545000c639b2e7315f53301b100208bd29482475776b4d59a1711b78ec2cb9accd0fead713d4c46957aa09647c185e20870c5235e8eba455d1e210e31e108a53fe9345c148cf384f7b71959d5d7862ead3dc55c6f4ee8245f4e8aa8068e3137e66c1790d2e8378f607a89eabf9c02"
operation = "84010074736368656d615f646566696e6974696f6e5f7631a36b6465736372697074696f6e782341206e616d65207468697320626565206973206b6e6f776e206279206c6f63616c6c79666669656c647382815822002014ec1bec0c4c15ca4f3340b603e922514f5be28551e97fcad510dd855dd2fde38158220020bfd5c4ab258cc47dabd53bda42420e01b7a07a29f57d33c90736907f1ba9c41f646e616d656f6d656c695f6c6f63616c5f6e616d65"
