# This file is automatically generated by fishy.
# It is not intended for manual editing.

version = 1

[[commits]]
entry_hash = "00208ad3be2b46ad202ec0a27bb6431152db17d603489ad8b5ae5dab85772a370344"
entry = "00297dce21fd3b4bd1e5ad3a557fd8ae617d3a72a75cada02abfdf7a96ee9fa17a0001330020d71ccd9dd038adefad3260a41223e484edbc32e5c96b41df467c36bbd8c1d84b8314a80ccc48891d60937763d4daf2ffe53750c91e1c94524a70b1fcc1212a6f64fd5ce6dde22c2b6cb5f1b69f997f50f97eaaa2ce978076d239025f6c53f80e"
operation = "840100781a736368656d615f6669656c645f646566696e6974696f6e5f7631a2646e616d65646e616d65647479706563737472"

[[commits]]
entry_hash = "0020aeaca910c8a3f5fb0f80f7e8e6878720272d3bdcefa45c97cfc627e3b5e4252c"
entry = "00297dce21fd3b4bd1e5ad3a557fd8ae617d3a72a75cada02abfdf7a96ee9fa17a01018600201df9ea2e4523b029bf5d9514f28ff12bc417902993d878927a2ed8f0599bfd9a68d15630542d0e1740f1c5f5c0223997d52b544bca47d636d104d299b7b5c3ee8937bcfec5a41b5d2cb47c9c2ae07bd397951a093f37aff1c4a33402f828a20d"
operation = "84010074736368656d615f646566696e6974696f6e5f7631a36b6465736372697074696f6e781e4e616d65206120626565206973206b6e6f776e206279206c6f63616c6c79666669656c64738181582200208ad3be2b46ad202ec0a27bb6431152db17d603489ad8b5ae5dab85772a370344646e616d656e6265655f6c6f63616c5f6e616d65"

[[commits]]
entry_hash = "002006bfb3c30c994843c006b4311152daa2e7de668a439055b5f9899b203a64d560"
entry = "00297dce21fd3b4bd1e5ad3a557fd8ae617d3a72a75cada02abfdf7a96ee9fa17a0201330020d71ccd9dd038adefad3260a41223e484edbc32e5c96b41df467c36bbd8c1d84b34c91ecfac0eefcde144932bb6567b0878f271332a2b795425c7549cddad5826759a8fecc0dfa7c2f560ac3c4205d479c78a503ab9c261ee2721397f300afe0f"
operation = "840100781a736368656d615f6669656c645f646566696e6974696f6e5f7631a2646e616d65646e616d65647479706563737472"

[[commits]]
entry_hash = "0020f3cd78f31cd41fb554d605b11b8facdccba5d93322376ba988a4fee4d7893f43"
entry = "00297dce21fd3b4bd1e5ad3a557fd8ae617d3a72a75cada02abfdf7a96ee9fa17a03017a0020424d21327841a02f3bab64778bc72dc9812a1afa9dbb4a56ee77c8b3011d5980b8b83ba49fd27431c1ef3b0786ffef00e216191bfc6abdc89bf10e803770a17abb863c7ae516c9f7c1eb32666cce6b8e2e9c66b795189667ae4bf108ac216d0f"
operation = "84010074736368656d615f646566696e6974696f6e5f7631a36b6465736372697074696f6e715461786f6e6f6d793a206b696e67646f6d666669656c647381815822002006bfb3c30c994843c006b4311152daa2e7de668a439055b5f9899b203a64d560646e616d65707461786f6e6f6d795f6b696e67646f6d"

[[commits]]
entry_hash = "002055a48c1e76981a0ac5e1fa4efcdb47246b560c21b77b47baba61cdd9c7809360"
entry = "00297dce21fd3b4bd1e5ad3a557fd8ae617d3a72a75cada02abfdf7a96ee9fa17a04019300208d52d98c79d3a0f8a94fea29f69c9cacf35d96e82270ef830414810c577c7db5b44481d85957afc856337a9579caa5e37e4affb32677bf694350b41372a9ea40e7290ad6c15489b243aec304d52c6f068a0e65a1967a837886257caed89bfb0c"
operation = "840100781a736368656d615f6669656c645f646566696e6974696f6e5f7631a2646e616d65676b696e67646f6d6474797065785f72656c6174696f6e287461786f6e6f6d795f6b696e67646f6d5f303032306633636437386633316364343166623535346436303562313162386661636463636261356439333332323337366261393838613466656534643738393366343329"

[[commits]]
entry_hash = "00205a889e0bcedc72e5aa240bbd6ffe87eda90185d5f8a9923c3be9a600ba62b9e7"
entry = "00297dce21fd3b4bd1e5ad3a557fd8ae617d3a72a75cada02abfdf7a96ee9fa17a0501330020d71ccd9dd038adefad3260a41223e484edbc32e5c96b41df467c36bbd8c1d84ba2665a42c0ca9d339a574770327167d8ed61cb22c18013ca8f8fc593ae3c0e39c0eaf0b02a28d89a21e47fa66894ee4dc22b206f9c014c5d73fff77b0f31570c"
operation = "840100781a736368656d615f6669656c645f646566696e6974696f6e5f7631a2646e616d65646e616d65647479706563737472"

[[commits]]
entry_hash = "002098b9c13e1162b360a528196c4293ed1e00e71359048323e9af2929ddf1e30313"
entry = "00297dce21fd3b4bd1e5ad3a557fd8ae617d3a72a75cada02abfdf7a96ee9fa17a06019d00200665a364139d1ca71867a9cd63f8c0757b6cf314229c3aa1762f14d61aa2d175f23fed2d0d67980f6b4779575ecb78ea38a2008f95c8285c68af23777895863b8cfce00ed31ed53aa723b73fb8beb1695ac56bee7a697a7deb05810c1b5b5e09"
operation = "84010074736368656d615f646566696e6974696f6e5f7631a36b6465736372697074696f6e705461786f6e6f6d793a207068796c756d666669656c647382815822002055a48c1e76981a0ac5e1fa4efcdb47246b560c21b77b47baba61cdd9c780936081582200205a889e0bcedc72e5aa240bbd6ffe87eda90185d5f8a9923c3be9a600ba62b9e7646e616d656f7461786f6e6f6d795f7068796c756d"

[[commits]]
entry_hash = "0020aae5589e5366943d1ead02c0863a5d5010cd68569ba8fdb69f10c43736f1940f"
entry = "00297dce21fd3b4bd1e5ad3a557fd8ae617d3a72a75cada02abfdf7a96ee9fa17a0701330020d71ccd9dd038adefad3260a41223e484edbc32e5c96b41df467c36bbd8c1d84b1dab2a41a530869380d433ea07022901e11d6b752984da488b639f77c01aaa1cf80600398becf39e642ab19580f0c87e39eebdaff16cf821535451116fcb7504"
operation = "840100781a736368656d615f6669656c645f646566696e6974696f6e5f7631a2646e616d65646e616d65647479706563737472"

[[commits]]
entry_hash = "0020f269f21f5d430480fbd386ad03dacd4632125177c2efba480aa7cf8f1ea9a6f3"
entry = "00297dce21fd3b4bd1e5ad3a557fd8ae617d3a72a75cada02abfdf7a96ee9fa17a0801910020d0ad2b1e6622d3f5f7d5fad3a05c6b1a6752dc1b02c871f6c2c8eaa1c269820e00554003d30b9dc3845239ffe083ea23367153b781c0ed6c7997a351d6aab8032daac027327e12589ead1cd9d5affd62bd6c8c25ac5093f27008161d0fdeaf0f"
operation = "840100781a736368656d615f6669656c645f646566696e6974696f6e5f7631a2646e616d65667068796c756d6474797065785e72656c6174696f6e287461786f6e6f6d795f7068796c756d5f303032303938623963313365313136326233363061353238313936633432393365643165303065373133353930343833323365396166323932396464663165333033313329"

[[commits]]
entry_hash = "0020c790691e036ed090392b4c06eb3586eb130edaee6ece2d4a48607f240bc11f91"
entry = "00297dce21fd3b4bd1e5ad3a557fd8ae617d3a72a75cada02abfdf7a96ee9fa17a09019b0020abd16446ce74630485c52ef9694943417185edcf8feebe2b46cbe0b6cd2123f2ed1c94cba05073d9df207db3bdc4b5cae2921c29e3f1a111884936a4fdbea9ed3bcc471aff0474f87497d4ca838cef0cca498a6c7c53894d7d8280b40cca8e0e"
operation = "84010074736368656d615f646566696e6974696f6e5f7631a36b6465736372697074696f6e6f5461786f6e6f6d793a20636c617373666669656c6473828158220020aae5589e5366943d1ead02c0863a5d5010cd68569ba8fdb69f10c43736f1940f8158220020f269f21f5d430480fbd386ad03dacd4632125177c2efba480aa7cf8f1ea9a6f3646e616d656e7461786f6e6f6d795f636c617373"

[[commits]]
entry_hash = "0020bf3850c2e693a46116039614aca3354b6b18f6546d3f37f3b625770df58c82cc"
entry = "00297dce21fd3b4bd1e5ad3a557fd8ae617d3a72a75cada02abfdf7a96ee9fa17a0a018f002099f38dc31ac14a6f28722684b65ebcd6551397adca1652b79dc1855d011dfc0a7773ae5d320a96fbe74b311b34d700bb2b14eaeff2c0c74dc8f8b72e64480b4395785bf5c792bcadd620283fdb965ba16ce4117b6a702c4606ed36e9e4c43206"
operation = "840100781a736368656d615f6669656c645f646566696e6974696f6e5f7631a2646e616d6565636c6173736474797065785d72656c6174696f6e287461786f6e6f6d795f636c6173735f303032306337393036393165303336656430393033393262346330366562333538366562313330656461656536656365326434613438363037663234306263313166393129"

[[commits]]
entry_hash = "0020572bac054cdd43f64b486ce9bfc96443160680f9ddd25e48717a4ba04684e345"
entry = "00297dce21fd3b4bd1e5ad3a557fd8ae617d3a72a75cada02abfdf7a96ee9fa17a0b01330020d71ccd9dd038adefad3260a41223e484edbc32e5c96b41df467c36bbd8c1d84bdf31041b0dce97895ec3b93905090047055353cc140f00a1b0f21e86b2cc578f378d9b8aff8c1992ab6834777ea1c2c7004d27a9d001ed8230d9640b30c85f0a"
operation = "840100781a736368656d615f6669656c645f646566696e6974696f6e5f7631a2646e616d65646e616d65647479706563737472"

[[commits]]
entry_hash = "00208ced5b9fc23a3f3e87444c4be7f305bbfcf4989d77cf6d208c579de1fe0a3b79"
entry = "00297dce21fd3b4bd1e5ad3a557fd8ae617d3a72a75cada02abfdf7a96ee9fa17a0c019b0020a330a9f3dd6475ecc31a7e549014b1a73ee6c3c4a28756f20a6f0a5c3eb42205431c64f838e3e5d4260feab832825590dcc43ad54485a5cb93400580f983ea53b11e119c18466d9744ac073dfae63f831dfd04d80cc97ecb558520a9833c3909"
operation = "84010074736368656d615f646566696e6974696f6e5f7631a36b6465736372697074696f6e6f5461786f6e6f6d793a206f72646572666669656c6473828158220020bf3850c2e693a46116039614aca3354b6b18f6546d3f37f3b625770df58c82cc8158220020572bac054cdd43f64b486ce9bfc96443160680f9ddd25e48717a4ba04684e345646e616d656e7461786f6e6f6d795f6f72646572"

[[commits]]
entry_hash = "0020d52544b10282eb8c4531338a77ba15b43dee69c35835bdeebb7738e9ba888145"
entry = "00297dce21fd3b4bd1e5ad3a557fd8ae617d3a72a75cada02abfdf7a96ee9fa17a0d01330020d71ccd9dd038adefad3260a41223e484edbc32e5c96b41df467c36bbd8c1d84bc83b2bcad5566b30ec9316940ebfd2b488e974c0aa87da335ef19342e22dbf8e83e19eb059f883e2af99387c57c4e783a3d25729cf0f7a936facaa3ae276140b"
operation = "840100781a736368656d615f6669656c645f646566696e6974696f6e5f7631a2646e616d65646e616d65647479706563737472"

[[commits]]
entry_hash = "0020dbd6a5b06075624a1638461b8b76bfc7c3efa6c768cee8ad016b156616c7795e"
entry = "00297dce21fd3b4bd1e5ad3a557fd8ae617d3a72a75cada02abfdf7a96ee9fa17a0e018f002084bc0ecee9d77ed30ea24dd4dc142a81757cb49596841c2c901b5b884ddf2946954b7e4959d28f7c04a8bec08e18c37a500dee2c46baa4deaa70b488b86a20cf86b11c947bce336a0c923a037f7ca707aef222c0e816aa6c00d21608c7776d04"
operation = "840100781a736368656d615f6669656c645f646566696e6974696f6e5f7631a2646e616d65656f726465726474797065785d72656c6174696f6e287461786f6e6f6d795f6f726465725f303032303863656435623966633233613366336538373434346334626537663330356262666366343938396437376366366432303863353739646531666530613362373929"

[[commits]]
entry_hash = "0020bdb78e578befd97784e2ec7710f5314fc22fb484e59eef7a66f948ea953a38dc"
entry = "00297dce21fd3b4bd1e5ad3a557fd8ae617d3a72a75cada02abfdf7a96ee9fa17a0f019d00207d480408f2db66c38f0723497e92446b89e1ff3287bbb7d27573c5b783aedd6660393e45fa93960105488cafe46bd69d7a743d5bd4122a4b8c9f7dc2e888a04b0ba33a32da5fd6d40187bf0c297c6002ca0d709fdcbbb514baec3125c071c20d"
operation = "84010074736368656d615f646566696e6974696f6e5f7631a36b6465736372697074696f6e705461786f6e6f6d793a2066616d696c79666669656c6473828158220020d52544b10282eb8c4531338a77ba15b43dee69c35835bdeebb7738e9ba8881458158220020dbd6a5b06075624a1638461b8b76bfc7c3efa6c768cee8ad016b156616c7795e646e616d656f7461786f6e6f6d795f66616d696c79"

[[commits]]
entry_hash = "00202484d05c90f894183bfdca129b04bbebcbdda354e44c6f4ec48dc84439effb41"
entry = "00297dce21fd3b4bd1e5ad3a557fd8ae617d3a72a75cada02abfdf7a96ee9fa17a1001910020ab062c1fb6282d5746dad48f73b43c0811ca5c2dd947bb6c2adc9340e1a11cfe500d5a2bd8db8e0addcf3f80076b226e903bdbbf29e9af2d3dfb416fe354e47b4510585b974208181c7bf9c424cae6c88fea0a1e163c414b24a8c5d463e0690c"
operation = "840100781a736368656d615f6669656c645f646566696e6974696f6e5f7631a2646e616d656666616d696c796474797065785e72656c6174696f6e287461786f6e6f6d795f66616d696c795f303032306264623738653537386265666439373738346532656337373130663533313466633232666234383465353965656637613636663934386561393533613338646329"

[[commits]]
entry_hash = "00201b6b7125036be36d832632bedf0de7552ed6566a7b742b6f26e902a0fba12435"
entry = "00297dce21fd3b4bd1e5ad3a557fd8ae617d3a72a75cada02abfdf7a96ee9fa17a1101330020d71ccd9dd038adefad3260a41223e484edbc32e5c96b41df467c36bbd8c1d84b73729985f3627e3c9a15e094d20b64b52b6645b0c37dc0030498241e582d6d4767167113781dc7bdf6c453780de5c48d47636dc27bca9fc981342846e0264707"
operation = "840100781a736368656d615f6669656c645f646566696e6974696f6e5f7631a2646e616d65646e616d65647479706563737472"

[[commits]]
entry_hash = "0020abf0e567ec55d407c288f7d77bd58f1a529fdb0eb6cbb74279b83b53fb4fa9c2"
entry = "00297dce21fd3b4bd1e5ad3a557fd8ae617d3a72a75cada02abfdf7a96ee9fa17a1201a30020c73f3ab12b9f5dfb91fc6323db90e70fe30751df230e42e1c207e5a0af2053701ce048ce4899984446b413582698c3db43f5d5e6fd94f5e68e37b1c3273928aeed8572f83b6d67cbf3b6eec1cabd67e9c8d405383df4c899bcb6275e0274bc03"
operation = "84010074736368656d615f646566696e6974696f6e5f7631a36b6465736372697074696f6e735461786f6e6f6d793a2073756266616d696c79666669656c64738281582200202484d05c90f894183bfdca129b04bbebcbdda354e44c6f4ec48dc84439effb4181582200201b6b7125036be36d832632bedf0de7552ed6566a7b742b6f26e902a0fba12435646e616d65727461786f6e6f6d795f73756266616d696c79"

[[commits]]
entry_hash = "0020eb32d5af9f31efabcc947a26cb39a65872d482f67a00725c2d3ca1d968ad5b3e"
entry = "00297dce21fd3b4bd1e5ad3a557fd8ae617d3a72a75cada02abfdf7a96ee9fa17a1301330020d71ccd9dd038adefad3260a41223e484edbc32e5c96b41df467c36bbd8c1d84b1204a5174fa3777ef50389f545349bd8bfc382ef5a4b495eca2fa1d19dfbb83293b571afab9ce72eaac8dbb36073a76eab5138ee21b0fe1931358a877f5c2f0c"
operation = "840100781a736368656d615f6669656c645f646566696e6974696f6e5f7631a2646e616d65646e616d65647479706563737472"

[[commits]]
entry_hash = "0020b07aff1450f742f479d34c4c05e4c13128357dc0b6b78764bac5dd5331a775b1"
entry = "00297dce21fd3b4bd1e5ad3a557fd8ae617d3a72a75cada02abfdf7a96ee9fa17a1401970020e109ec14e3005dfcaf463c169ce68be62a8907f92db03bd6129e92430417282b4af88fda965c1db07ef79f202ce92e33c798741c25b5fc40ee5535f042d3282e924a07aa6767f68c5168335812162f310dc2b92e7f6e1ed5d004fe33a76fd90d"
operation = "840100781a736368656d615f6669656c645f646566696e6974696f6e5f7631a2646e616d656973756266616d696c796474797065786172656c6174696f6e287461786f6e6f6d795f73756266616d696c795f303032306162663065353637656335356434303763323838663764373762643538663161353239666462306562366362623734323739623833623533666234666139633229"

[[commits]]
entry_hash = "0020eff38ee4ed5bed12b61452c6472f8cd9c692e4f39b36a6b35f16fde309d56d00"
entry = "00297dce21fd3b4bd1e5ad3a557fd8ae617d3a72a75cada02abfdf7a96ee9fa17a15019b00206b920211925d9cd76aec45ced49f836d0d67426882029f0f82f1783fbf597d7a47dd96bb2800a3a09f2a28f4c91ce2218ced6c32d22ee07e813cf67961d469498068b8925f64c4dcdd126b73ca7d212c3372b787184528d00d36b1bbccc7060b"
operation = "84010074736368656d615f646566696e6974696f6e5f7631a36b6465736372697074696f6e6f5461786f6e6f6d793a207472696265666669656c6473828158220020eb32d5af9f31efabcc947a26cb39a65872d482f67a00725c2d3ca1d968ad5b3e8158220020b07aff1450f742f479d34c4c05e4c13128357dc0b6b78764bac5dd5331a775b1646e616d656e7461786f6e6f6d795f7472696265"

[[commits]]
entry_hash = "00200461a351ae57e85ef2134eba71ac2fad658db4090da766c33f9f9cb084ec4cf8"
entry = "00297dce21fd3b4bd1e5ad3a557fd8ae617d3a72a75cada02abfdf7a96ee9fa17a1601330020d71ccd9dd038adefad3260a41223e484edbc32e5c96b41df467c36bbd8c1d84b8e0e0c1a63237b37b8048b047074998b203b7b58395ff89e8c6c482b28166febd7e1b157cab88cc2f7f7c35dac133881b613366b6f6cf2b83c0da057f15f9504"
operation = "840100781a736368656d615f6669656c645f646566696e6974696f6e5f7631a2646e616d65646e616d65647479706563737472"

[[commits]]
entry_hash = "00205a94ce2313c2ab632545a2f432336e960a8fed1c307857b76491c3a9e771f8b8"
entry = "00297dce21fd3b4bd1e5ad3a557fd8ae617d3a72a75cada02abfdf7a96ee9fa17a17018f002073bd622c7bab9f2fbdd060773ae1ff3f8cce42519aa89011f0775ece69ed583b186b37b354f9b1b48cc9ed9aa2b35b78256bb3ca60269a5a32b118a921ea49279e5c0091569d33fef523035c7a1794d071a446a1dc928ec4f769f338a7cd790b"
operation = "840100781a736368656d615f6669656c645f646566696e6974696f6e5f7631a2646e616d656574726962656474797065785d72656c6174696f6e287461786f6e6f6d795f74726962655f303032306566663338656534656435626564313262363134353263363437326638636439633639326534663339623336613662333566313666646533303964353664303029"

[[commits]]
entry_hash = "0020ebf2746448b4fdf563de1486efc082c1243522d2579aeaaf12e7937c6bc86eba"
entry = "00297dce21fd3b4bd1e5ad3a557fd8ae617d3a72a75cada02abfdf7a96ee9fa17a18019b0020ad9c6e721b1b65b6a5701c95ac63bd4351bfaf660fcc3f832202275c287ca49c8659bc056331374fb1e74e5ec54752beee4f07f160b5c180ce054d93efc06f554e471e9354fdec2b64f7101dea5baea24afbda6cb5bd585ec1c3b300fd9feb07"
operation = "84010074736368656d615f646566696e6974696f6e5f7631a36b6465736372697074696f6e6f5461786f6e6f6d793a2067656e7573666669656c64738281582200200461a351ae57e85ef2134eba71ac2fad658db4090da766c33f9f9cb084ec4cf881582200205a94ce2313c2ab632545a2f432336e960a8fed1c307857b76491c3a9e771f8b8646e616d656e7461786f6e6f6d795f67656e7573"

[[commits]]
entry_hash = "0020fd993d4aeac4610293cc27958ccc1257ac51994bed2893675acf532ecc5875d1"
entry = "00297dce21fd3b4bd1e5ad3a557fd8ae617d3a72a75cada02abfdf7a96ee9fa17a19018f0020ec36757bb49e6cebdd90f9d215b1fd4b800a278e1c0b93c570b0bdf267efcc327133d52dfbc7cbc61fb1cfcffdd72d9f944a43b2a462671c463bcd04fafe3095d03fd3e2f0ac6d4e4d453a2374c43c9422c1663811bbc2b85538a7837ba04904"
operation = "840100781a736368656d615f6669656c645f646566696e6974696f6e5f7631a2646e616d656567656e75736474797065785d72656c6174696f6e287461786f6e6f6d795f67656e75735f303032306562663237343634343862346664663536336465313438366566633038326331323433353232643235373961656161663132653739333763366263383665626129"

[[commits]]
entry_hash = "0020ced7475f1083cede0f82ced26c70a9f3c9d693e09af1774723de6cf76b70a282"
entry = "00297dce21fd3b4bd1e5ad3a557fd8ae617d3a72a75cada02abfdf7a96ee9fa17a1a01330020d71ccd9dd038adefad3260a41223e484edbc32e5c96b41df467c36bbd8c1d84b1f30552267e7dbb91b6e6e56e612e474890039312972ccbe5fe2d5c2a1240d7eb6b7cecd08233aef4ba288bd26192f159703af61469f0bac0a27008c6cf5f50d"
operation = "840100781a736368656d615f6669656c645f646566696e6974696f6e5f7631a2646e616d65646e616d65647479706563737472"

[[commits]]
entry_hash = "0020e1567cb6f7e097b449cd05174f96ac17f774d8b80ffea423c4d4b386e423cb0a"
entry = "00297dce21fd3b4bd1e5ad3a557fd8ae617d3a72a75cada02abfdf7a96ee9fa17a1b019f0020c77b0a3f8b5fa68f6cd8bbd9504f39cab8776cb9d310ae175e0d57952ea1901f3c33c2b945bdb604e3d7401651f3a3f2c453cf46c92b736c9cca8bed70ba329a202a30ecf8103d0c834e73c6c4a3f2ffae41c08ad8647354ddd35ffe2d86bf0a"
operation = "84010074736368656d615f646566696e6974696f6e5f7631a36b6465736372697074696f6e715461786f6e6f6d793a2073706563696573666669656c6473828158220020fd993d4aeac4610293cc27958ccc1257ac51994bed2893675acf532ecc5875d18158220020ced7475f1083cede0f82ced26c70a9f3c9d693e09af1774723de6cf76b70a282646e616d65707461786f6e6f6d795f73706563696573"

[[commits]]
entry_hash = "002044eb3669c9011c1d662d7e06b1b28eac35fbd134c9df286860b3e797042b38bd"
entry = "00297dce21fd3b4bd1e5ad3a557fd8ae617d3a72a75cada02abfdf7a96ee9fa17a1c013a002022994afb85681d52705a2b77a286922848d0cfb9f875226a3213d3dd4fc70eceeef6d310921d89d27d0c971dcd38fb88c7b955a39eddefed29234f35c9f0c2d371923be11cfd6cb8adcb6bd6fc399527fc070e232a917e3081518fecf950c50e"
operation = "840100781a736368656d615f6669656c645f646566696e6974696f6e5f7631a2646e616d656b6465736372697074696f6e647479706563737472"

[[commits]]
entry_hash = "0020f8736e84afcf596185b75ce1e4f60255e427757fa09d982c843add786a1e5f5a"
entry = "00297dce21fd3b4bd1e5ad3a557fd8ae617d3a72a75cada02abfdf7a96ee9fa17a1d019300204a99c41f5e0a0542e858966e126e1b8c9598a16ab331744935b2921ac89554fd251c0c2e025a96221161e5c7e8e1871af84b32f226747513ec5c8adf4befe818fd6eadc2468f98050d501d6a0cd614b6bd72483319253f287dd70319a895300a"
operation = "840100781a736368656d615f6669656c645f646566696e6974696f6e5f7631a2646e616d6567737065636965736474797065785f72656c6174696f6e287461786f6e6f6d795f737065636965735f303032306531353637636236663765303937623434396364303531373466393661633137663737346438623830666665613432336334643462333836653432336362306129"

[[commits]]
entry_hash = "00207889f44a73c94bb9f7e7d087e47d87ab4854c3693bca35bf16c596c8c91c5fe7"
entry = "00297dce21fd3b4bd1e5ad3a557fd8ae617d3a72a75cada02abfdf7a96ee9fa17a1e019d002058451a0ef113e0e70f2874a7a680fbd6c8da9143b21a665526fc7f973f6f22c5f9a7db3f65c73f8b08622021c3f267dd5217d90e91d1e315fb1ee705c070edff819652b0c2e7c99005083f3c723a125dcaf58dbd7479b8540075c7fef3ad370e"
operation = "84010074736368656d615f646566696e6974696f6e5f7631a36b6465736372697074696f6e745468652073706563696573206f66206120626565666669656c647382815822002044eb3669c9011c1d662d7e06b1b28eac35fbd134c9df286860b3e797042b38bd8158220020f8736e84afcf596185b75ce1e4f60255e427757fa09d982c843add786a1e5f5a646e616d656b6265655f73706563696573"

[[commits]]
entry_hash = "0020b0c62328cf6c0418e0d0487e1d542a02a12ebbce750dff70f3667015c3b93b61"
entry = "00297dce21fd3b4bd1e5ad3a557fd8ae617d3a72a75cada02abfdf7a96ee9fa17a1f01360020cdc5c040d2b2ab5614aa42e26b078f2628d6f8c8a5bbdca8a366789e1c359a59721ccdce8b87e8f81b63ac4e1c8c3fb66e3cb407a408f1d255f4527fe05194450d5df246ee74f883a57a349b4e98cb83fc31b2b0a2469088692ebc233434d30d"
operation = "840100781a736368656d615f6669656c645f646566696e6974696f6e5f7631a2646e616d6567636f6d6d656e74647479706563737472"

[[commits]]
entry_hash = "0020d4d9006aaac916e76793dd779bd3ee730820fd1ee9c6caa1d982e78bf6244fc3"
entry = "00297dce21fd3b4bd1e5ad3a557fd8ae617d3a72a75cada02abfdf7a96ee9fa17a2001370020bb5b4760ddfd459afb7d947f1cf6a687aee5bf77f1bdb1d5d46746a98628d633f4a29465dc9cdde7ac60eacf96e887ed0335ee1d45c04bdec2babe78f3c814b41500440b17fa01e6f3f8d9fc8dd978c9dc4809d88195cf46bab51d9b5f0d230b"
operation = "840100781a736368656d615f6669656c645f646566696e6974696f6e5f7631a2646e616d65686461746574696d65647479706563737472"

[[commits]]
entry_hash = "00201b5aa5fe170560ca3d4b0e90f9cbd9d7f133ed3e7242eddd1387b6c512c38bbb"
entry = "00297dce21fd3b4bd1e5ad3a557fd8ae617d3a72a75cada02abfdf7a96ee9fa17a21014800201df43298b2aa2cd2b177bd94f88e2b81d53971792cac214e213310e2f12b98cb5e4d6c0c17c6a9b16c843432127bbee21762c48f4ea17483d1878cb19152886647ee88e77745b70071d56931b927d23e8cdf88a0579b3582cff493febb497005"
operation = "840100781a736368656d615f6669656c645f646566696e6974696f6e5f7631a2646e616d6566696d6167657364747970657672656c6174696f6e5f6c69737428626c6f625f763129"

[[commits]]
entry_hash = "00201fbcf6d22712ee0df88c3c5b4d4fb4bdbf474736261b5fe2a67aab44ca1a8c6d"
entry = "00297dce21fd3b4bd1e5ad3a557fd8ae617d3a72a75cada02abfdf7a96ee9fa17a220139002071fbca0dc90e37d9a9a8821d096cd964b372f96398d76c8cdd60ee150cbbc9a85f6a1715dba5d031db06445650034d4a45d0cc13ce974d171dd27b8677b674c5a61d79963000a7141a5e8eb6818cd9d7ad4a25c5096d1f60f645b6b210056105"
operation = "840100781a736368656d615f6669656c645f646566696e6974696f6e5f7631a2646e616d65686c61746974756465647479706565666c6f6174"

[[commits]]
entry_hash = "002043c46d8f5cf9dd2e4c6a7a160ce87887cf96ae62c219d66fe817793bea79040e"
entry = "00297dce21fd3b4bd1e5ad3a557fd8ae617d3a72a75cada02abfdf7a96ee9fa17a23019a00200b5b4700fdf2ac5e696f0a8a44f86191294b568e11dd1f9f24175a57d8dee7eb1ea190bd98778eca021a6f666b32bf5586597e6b7f8a0eb63bf487bc715c3393bbe4632cd36293a2ad2ed002957b7d532a3e2082c184127c6550a72989e2320c"
operation = "840100781a736368656d615f6669656c645f646566696e6974696f6e5f7631a2646e616d656b6c6f63616c5f6e616d65736474797065786272656c6174696f6e5f6c697374286265655f6c6f63616c5f6e616d655f303032306165616361393130633861336635666230663830663765386536383738373230323732643362646365666134356339376366633632376533623565343235326329"

[[commits]]
entry_hash = "0020975d97897bed56058b81d3ae87b7b662b69506af15d0ad986589306658e07e5a"
entry = "00297dce21fd3b4bd1e5ad3a557fd8ae617d3a72a75cada02abfdf7a96ee9fa17a24013a002052f0f4c485f9d9d79b38314f99029875fbf6c98387395864df93ae25d5f8dfd299f47c2750545414b6b8d3bc1d2f0a5de6a76f1d40f4cda4d170ecf9005da62d7f3c5cd6243f39398bcc564af9796df243a740c30c95b4c668be10b34046230f"
operation = "840100781a736368656d615f6669656c645f646566696e6974696f6e5f7631a2646e616d65696c6f6e676974756465647479706565666c6f6174"

[[commits]]
entry_hash = "0020226bb1d6281244467fb33675f0b6ce871b51948de5181b719599349610651d39"
entry = "00297dce21fd3b4bd1e5ad3a557fd8ae617d3a72a75cada02abfdf7a96ee9fa17a2501930020f10e47d3c80fe087696b60d803d1fea5a9c4c8d124e6ffcb8e06c2455fb3ab6b492c93aac93a52b596339c672dcde53efd53f7aba1b67f8651b6424142b0c1c949058a34ddba73f72a5a2950ec11d1d0425d79c182e6ffeb0d6e70b9bf188000"
operation = "840100781a736368656d615f6669656c645f646566696e6974696f6e5f7631a2646e616d6567737065636965736474797065785f72656c6174696f6e5f6c697374286265655f737065636965735f303032303738383966343461373363393462623966376537643038376534376438376162343835346333363933626361333562663136633539366338633931633566653729"

[[commits]]
entry_hash = "0020df662f01bd4eed879ebb2128edd3e0b55902f179eeaf8978e58011f96b488717"
entry = "00297dce21fd3b4bd1e5ad3a557fd8ae617d3a72a75cada02abfdf7a96ee9fa17a2601f901510020bcc087f82b9b6d2fde070bdeb50baae6769d48dfc503d0445769cb20e6dc58cd2e68061024ab738d80b294c39569dc42084de50a81111598a3827f7808fa84ce6eedd5ed17749dac85f539aa2093e649e768bc8d6310246fd624a5c66672ed0e"
operation = "84010074736368656d615f646566696e6974696f6e5f7631a36b6465736372697074696f6e6e4120626565207369676874696e67666669656c6473878158220020b0c62328cf6c0418e0d0487e1d542a02a12ebbce750dff70f3667015c3b93b618158220020d4d9006aaac916e76793dd779bd3ee730820fd1ee9c6caa1d982e78bf6244fc381582200201b5aa5fe170560ca3d4b0e90f9cbd9d7f133ed3e7242eddd1387b6c512c38bbb81582200201fbcf6d22712ee0df88c3c5b4d4fb4bdbf474736261b5fe2a67aab44ca1a8c6d815822002043c46d8f5cf9dd2e4c6a7a160ce87887cf96ae62c219d66fe817793bea79040e8158220020975d97897bed56058b81d3ae87b7b662b69506af15d0ad986589306658e07e5a8158220020226bb1d6281244467fb33675f0b6ce871b51948de5181b719599349610651d39646e616d656c6265655f7369676874696e67"

[[commits]]
entry_hash = "0020b45d52e5129b359a742a7a4f28d5d9d1e2ead32f263055fde25cf8d0e333ac49"
entry = "00297dce21fd3b4bd1e5ad3a557fd8ae617d3a72a75cada02abfdf7a96ee9fa17a2701900020842f9dd0a22cb731c1d6731ccfc49e0dbeaf4415694ede0f662e557109eadc56b981dcd6f483fbb90f2f48df9c096eacdfbd8015561870d4364d6d30823f1c0bbc4d77f7968b0f81feb13783b2aa461df5514ab7566583393c9e7940ab919703"
operation = "840100781a736368656d615f6669656c645f646566696e6974696f6e5f7631a2646e616d65687369676874696e676474797065785b72656c6174696f6e286265655f7369676874696e675f303032306466363632663031626434656564383739656262323132386564643365306235353930326631373965656166383937386535383031316639366234383837313729"

[[commits]]
entry_hash = "00204947039d87f4d7af1bbc1245c99933b1b15d1563e5ec19d5e25a11e0018146e2"
entry = "00297dce21fd3b4bd1e5ad3a557fd8ae617d3a72a75cada02abfdf7a96ee9fa17a28019200205bf980fd1da2443e95ca6d2facbb90be41fc3001f335bb54607d43e8252126bfb18cfc1b5f13e5d705b48e801a40ad77d4c41c14742870a33bfc0237e74035f456597961ee8ce232db15dadaebf4c562382a3ac8346e4e6d058bcd96deae1d07"
operation = "84010074736368656d615f646566696e6974696f6e5f7631a36b6465736372697074696f6e781b426565207369676874696e67206c6f636174696f6e3a2074726565666669656c6473818158220020b45d52e5129b359a742a7a4f28d5d9d1e2ead32f263055fde25cf8d0e333ac49646e616d65781c6265655f617474726962757465735f6c6f636174696f6e5f74726565"

[[commits]]
entry_hash = "0020425f0bc0520c9991006816e8d052c642f4bbade1ea31882230ccd9f9c4fda64f"
entry = "00297dce21fd3b4bd1e5ad3a557fd8ae617d3a72a75cada02abfdf7a96ee9fa17a2901900020842f9dd0a22cb731c1d6731ccfc49e0dbeaf4415694ede0f662e557109eadc56d6b517584d2b6abbfd8adbaffe4286f0ae48875f99f214c9912aa8035e41c296357b4bb104e15d0fa83a81ed9de2b286fb610159fc48f71ea3e1d02f45e86b03"
operation = "840100781a736368656d615f6669656c645f646566696e6974696f6e5f7631a2646e616d65687369676874696e676474797065785b72656c6174696f6e286265655f7369676874696e675f303032306466363632663031626434656564383739656262323132386564643365306235353930326631373965656166383937386535383031316639366234383837313729"

[[commits]]
entry_hash = "002021849ffe9546354fab1c421a6e5f5aaa49ae6d1bddffbe057444f67ba6e4743f"
entry = "00297dce21fd3b4bd1e5ad3a557fd8ae617d3a72a75cada02abfdf7a96ee9fa17a2a019a00208d97cf134d1dd646c60bf4cc7edbdfe94030095c04244ccaca30623c64821fbd9a92b26644e3e13816f7695f6d23d76a9e2bee635f2eb9470d4f46c384c470a1ed0bf12499e5a76670b6fbac9ec0d3af489e3e2c87a3c4165ccbc6ea2d191803"
operation = "84010074736368656d615f646566696e6974696f6e5f7631a36b6465736372697074696f6e781f426565207369676874696e67206c6f636174696f6e3a206275696c64696e67666669656c6473818158220020425f0bc0520c9991006816e8d052c642f4bbade1ea31882230ccd9f9c4fda64f646e616d6578206265655f617474726962757465735f6c6f636174696f6e5f6275696c64696e67"

[[commits]]
entry_hash = "00203634b94bce6d03e7fa4b6aa8423c6bf8d010f4f29608cdc97048d6d1b504541e"
entry = "00297dce21fd3b4bd1e5ad3a557fd8ae617d3a72a75cada02abfdf7a96ee9fa17a2b01900020842f9dd0a22cb731c1d6731ccfc49e0dbeaf4415694ede0f662e557109eadc56bc225718af86f0ee8c5093651e43c9ddce8269d4739209a23b591a94d4184fbd6396b130f942efcbe48b4bc3c9c130433674c985ab4b123f00b5e45ba6f7f508"
operation = "840100781a736368656d615f6669656c645f646566696e6974696f6e5f7631a2646e616d65687369676874696e676474797065785b72656c6174696f6e286265655f7369676874696e675f303032306466363632663031626434656564383739656262323132386564643365306235353930326631373965656166383937386535383031316639366234383837313729"

[[commits]]
entry_hash = "0020adf1b7947d7f21ea33ee53288558ce64bf8344805a11dc97dddc58fc235c21b0"
entry = "00297dce21fd3b4bd1e5ad3a557fd8ae617d3a72a75cada02abfdf7a96ee9fa17a2c01370020f6a517777827bb77ff6d0bd5f54c22ae0c5813eb07f49e7a94e5035d00bc449eb6461e3ebf6ae5680ef64ef2d0c2ff1f8e4aabf4a8e13a5394358babf32f1632952c111c85287c5e95cb0b15c7336556006c75a1e3ffc016e4f389cdb22edc03"
operation = "840100781a736368656d615f6669656c645f646566696e6974696f6e5f7631a2646e616d6568757365645f666f72647479706563737472"

[[commits]]
entry_hash = "002064feb6c43eca60974c8f5e60475b1b931cdc920e8441bd4c88f280a0b2f0cedc"
entry = "00297dce21fd3b4bd1e5ad3a557fd8ae617d3a72a75cada02abfdf7a96ee9fa17a2d01b300203f8181c13bdd9125c71267de89d189bac8b9ede1a03f3de4390e074868ac8c6ada7b91628854ef9adda8cc69329bdcae0d80f19ae908981bbab04c24d660240a5aaa3575a96b3211d18445370bd8190e0a4d6922be99614e87ff01f802c85c0c"
operation = "84010074736368656d615f646566696e6974696f6e5f7631a36b6465736372697074696f6e781d576861742061206265657320686f6e6579206973207573656420666f72666669656c64738281582200203634b94bce6d03e7fa4b6aa8423c6bf8d010f4f29608cdc97048d6d1b504541e8158220020adf1b7947d7f21ea33ee53288558ce64bf8344805a11dc97dddc58fc235c21b0646e616d65776265655f617474726962757465735f757365645f666f72"

[[commits]]
entry_hash = "0020b2281e448560941934599e14d78669ccb99488edc5d339c55b6071b132a2b05f"
entry = "00297dce21fd3b4bd1e5ad3a557fd8ae617d3a72a75cada02abfdf7a96ee9fa17a2e01900020842f9dd0a22cb731c1d6731ccfc49e0dbeaf4415694ede0f662e557109eadc5639704bbe9b05d8274e6ae46f1ed5102112b616029f42fff019b784bf124a04359d4e3f751a446148f5e4b7cfc3c88380680bc25db4ea4a0a939e327a08920100"
operation = "840100781a736368656d615f6669656c645f646566696e6974696f6e5f7631a2646e616d65687369676874696e676474797065785b72656c6174696f6e286265655f7369676874696e675f303032306466363632663031626434656564383739656262323132386564643365306235353930326631373965656166383937386535383031316639366234383837313729"

[[commits]]
entry_hash = "00202a2f65b79de2f10a03fbd2adeeea491bfb36dd86998af86f8335414a654dbde0"
entry = "00297dce21fd3b4bd1e5ad3a557fd8ae617d3a72a75cada02abfdf7a96ee9fa17a2f01900020c6fd07a08b4c63f4d57a9a507991414b22e0c5683ca46fae859d0461f2f2afa6bb9bc5bdfc8fe28c1179a5d32448df38bce61925d4cb7448d1b646699e097f28033ca7055606822c3e2f4e344d7eda2240a4db92440e53ac6cee7338d81d5807"
operation = "84010074736368656d615f646566696e6974696f6e5f7631a36b6465736372697074696f6e781a426565207369676874696e67206c6f636174696f6e3a20626f78666669656c6473818158220020b2281e448560941934599e14d78669ccb99488edc5d339c55b6071b132a2b05f646e616d65781b6265655f617474726962757465735f6c6f636174696f6e5f626f78"

[[commits]]
entry_hash = "0020b8cb971fa0157b8bfee1a2921a8fdfe35ba5ff23d99b2c47fda8b14e1cb06bf2"
entry = "00297dce21fd3b4bd1e5ad3a557fd8ae617d3a72a75cada02abfdf7a96ee9fa17a3001900020842f9dd0a22cb731c1d6731ccfc49e0dbeaf4415694ede0f662e557109eadc5675a1ebcd7e1b1d6b534485695fba2e42076d98f4fa73f8a56638c2ad49528c07fa40a9acaee2c7f6989a5e6423ac62997664a08368687f86efbea6c87a3f7908"
operation = "840100781a736368656d615f6669656c645f646566696e6974696f6e5f7631a2646e616d65687369676874696e676474797065785b72656c6174696f6e286265655f7369676874696e675f303032306466363632663031626434656564383739656262323132386564643365306235353930326631373965656166383937386535383031316639366234383837313729"

[[commits]]
entry_hash = "00207f1b4d7115e518ed754024db27c86756479c9448aebc3f39a0e67c18b611bc25"
entry = "00297dce21fd3b4bd1e5ad3a557fd8ae617d3a72a75cada02abfdf7a96ee9fa17a31019600201adda49a97c41aa06f7f1d4e2d6af15a43107196fe7e329a3e84e6feb81c458393a09d58e89dc9706b2c7a09498f431a7fcf41c3a43f1fb772c5eafcb717c1dc620002f407266b8600eece9ca0171b21f97ba6b287f46510b5b92cf2f790920e"
operation = "84010074736368656d615f646566696e6974696f6e5f7631a36b6465736372697074696f6e781d426565207369676874696e67206c6f636174696f6e3a2067726f756e64666669656c6473818158220020b8cb971fa0157b8bfee1a2921a8fdfe35ba5ff23d99b2c47fda8b14e1cb06bf2646e616d65781e6265655f617474726962757465735f6c6f636174696f6e5f67726f756e64"

[[commits]]
entry_hash = "0020edc73122071ac3f023cdf84c289f65cb339927fb14169833306d830e8c466339"
entry = "0047b38aa6d2f51dbe6191a4e1ba2d5a88f7534272af68d009be00ea3d3f4bf9bf00013900204adc7d000a58bf2f0bcb668201548b5ae2154ba5dab57549e1ab3b576ab53d561e662f3c07291c5ca053603748be293cd919628b55f99dc1e509549b4cb279f8e3cc224e4a7f726198627ca706667df23c149d0cf2eec81308bea2919a269f07"
operation = "840100781a736368656d615f6669656c645f646566696e6974696f6e5f7631a2646e616d65686469616d65746572647479706565666c6f6174"

[[commits]]
entry_hash = "002054cc9ef33540e3ee7207b7258f5c1410dbb5c739fbb324cda553aca74062b5f4"
entry = "0047b38aa6d2f51dbe6191a4e1ba2d5a88f7534272af68d009be00ea3d3f4bf9bf010137002063aaf9dae28787162f2001ff27dfc2b603776eb467d12c0e7538f4abbd3b773a8f32f438b62f001ae86e39565d3b848960e56dfe73125871c0eda2da3c6d37dd7cc98e2dcb5cc69d630cfc9b18566a9abbd1686872e8d2bb451257c22bdfa70d"
operation = "840100781a736368656d615f6669656c645f646566696e6974696f6e5f7631a2646e616d6566686569676874647479706565666c6f6174"

[[commits]]
entry_hash = "00207b8419615d96212f674de4ae191b13f02d4de6ac87cb85240f972c68986161cc"
entry = "0047b38aa6d2f51dbe6191a4e1ba2d5a88f7534272af68d009be00ea3d3f4bf9bf0201b50020614bf404b59cc232a3aec829e40e8092c967ce9ce57b9a1a88e9ee5e9f22767579fab317e23febfbbfe34ffdc250862d65fa4a625e2a51b4f22c0ff605b207a39a3a54d5e32467397e8f42b819bab95de000374c14e30d32abea5ae9e0e9f600"
operation = "85010174736368656d615f646566696e6974696f6e5f763181582200204947039d87f4d7af1bbc1245c99933b1b15d1563e5ec19d5e25a11e0018146e2a1666669656c6473838158220020edc73122071ac3f023cdf84c289f65cb339927fb14169833306d830e8c466339815822002054cc9ef33540e3ee7207b7258f5c1410dbb5c739fbb324cda553aca74062b5f48158220020b45d52e5129b359a742a7a4f28d5d9d1e2ead32f263055fde25cf8d0e333ac49"

[[commits]]
entry_hash = "0020c67a6080082f0ec1e5e560b5966677bb09881cebe808cd80721bd2f0189b8ac8"
entry = "0047b38aa6d2f51dbe6191a4e1ba2d5a88f7534272af68d009be00ea3d3f4bf9bf03013b00200f102ae86ed2797c3615882df64853b4c92c49d5619d64072433ac472dda4f089d47c5888a815a94527bc8c44801c5b5e8b23d1d414a3c895ea3be624f07a9ee45e45c0e33bec8ef2d466ad176a3155bba8656029e89250c5f16a729a2602c0b"
operation = "840100781a736368656d615f6669656c645f646566696e6974696f6e5f7631a2646e616d656c747265655f73706563696573647479706563737472"

[[commits]]
entry_hash = "0020a960a5e60c7daf66f9b9056de6e7904247360017dd09c223800e65223c0adafe"
entry = "0047b38aa6d2f51dbe6191a4e1ba2d5a88f7534272af68d009be00ea3d3f4bf9bf020200207b8419615d96212f674de4ae191b13f02d4de6ac87cb85240f972c68986161ccda002021d586eadba314de10abd6edd0ee47ee5c39d12fecb737f383e44d78c15715d62aa4b9c4d448075f09e14800aed03f26f39db30367c3a65fbe5942ec6fd3e78ac379d12f1e5869f2e3831260720134887c86858d7f5b780b213bee10b51e0005"
operation = "85010174736368656d615f646566696e6974696f6e5f763181582200207b8419615d96212f674de4ae191b13f02d4de6ac87cb85240f972c68986161cca1666669656c6473848158220020edc73122071ac3f023cdf84c289f65cb339927fb14169833306d830e8c466339815822002054cc9ef33540e3ee7207b7258f5c1410dbb5c739fbb324cda553aca74062b5f48158220020b45d52e5129b359a742a7a4f28d5d9d1e2ead32f263055fde25cf8d0e333ac498158220020c67a6080082f0ec1e5e560b5966677bb09881cebe808cd80721bd2f0189b8ac8"
