# This file is automatically generated by fishy.
# It is not intended for manual editing.

version = 1

[[commits]]
entry_hash = "00208a190cf311b642569b2249a5367a44a5b92e4fe125347cf8c49496061a7f3364"
entry = "000957b2ac90cb90821ead2e4c1c729664a964a26575ca06848a9eb510ca04d69b0001330020d71ccd9dd038adefad3260a41223e484edbc32e5c96b41df467c36bbd8c1d84bbc64ebd5dd68df5235973153db66b5517a56e6158e23a7d187ad4fc5139e94d8f32a035f8c7ffc67b260e1264e6b1aba85ae92041c0969317cd9373262d47f0c"
operation = "840100781a736368656d615f6669656c645f646566696e6974696f6e5f7631a2646e616d65646e616d65647479706563737472"

[[commits]]
entry_hash = "002081af7cc57386e83eb22c9c2380d9945446a0e61f82e57e27c2f5a0ddf2a00312"
entry = "000957b2ac90cb90821ead2e4c1c729664a964a26575ca06848a9eb510ca04d69b0101ad0020cad6f7dcc77b16d4ffdea5924698f267988169c729a3f6d7713c9b4873bbca0646597ce515595990f0694a9bc7f402214e676c9cf86f8b8f13ac1304d28601513b9ced45b4b2bb45b1e98fff5c96586465e0d90066b5c08e8be1f20dcb267703"
operation = "84010074736368656d615f646566696e6974696f6e5f7631a36b6465736372697074696f6e78285369676874696e6773206f66206d656c69706f6e696e69206265657320696e207468652077696c64666669656c6473818178443030323038613139306366333131623634323536396232323439613533363761343461356239326534666531323533343763663863343934393630363161376633333634646e616d65697369676874696e6773"
