version = 1

# ~~~~~~~~~~~~~~~~~~~~~~~~~
# Initial taxa:
# ~~~~~~~~~~~~~~~~~~~~~~~~~
# - Kingdom: Animalia
# - Phylum: Arthropoda
# - Class: Insecta
# - Order: Hymenoptera
# - Family: Apidae
# - Sub-Family: Corbiculata
# - Tribe: Meliponini
# ~~~~~~~~~~~~~~~~~~~~~~~~~

[[commits]]
entry_hash = "00200211d989c011fb06c6ee252110f4a224dda5cab430919bceb8d9c5e49e956940"
entry = "004414201efb0ddd7514b21356f264989a4f7491d1838f31c660be1b2fe443511a0301690020ae5e4ab5b3a06c27cffc0af282dcdde33e661b3471292fd0171245898b9998995b9ae9a565eb04f2ffc883311c5332e6b84ed5eff5530bfd7aa91d1e6cde9e497bfeb59c8007794918652b8e798b948e58f6a1bf859212df657d664a82afd501"
operation = "84010078557461786f6e6f6d795f6b696e67646f6d5f3030323066336364373866333163643431666235353464363035623131623866616364636362613564393333323233373662613938386134666565346437383933663433a1646e616d6568416e696d616c6961"

[[commits]]
entry_hash = "00205e8c369a9761f9fbf8741763c96d8d09a0bb1f3580ccb61fe44c703e798733bc"
entry = "004414201efb0ddd7514b21356f264989a4f7491d1838f31c660be1b2fe443511a040196002005a3bb3ab6091cd3394f7d24e3be8a81175b3336e1d5ae4c5848635fc8e2e967d7e20f4668842f17d7a0b9bd7d16dbe38ad898d6a975cce4261aabc42315127f48d2b0101ab8be3f3be86f33fdd6ea14d0b5f858cf4f4f7e7a016acd5389310d"
operation = "84010078547461786f6e6f6d795f7068796c756d5f3030323039386239633133653131363262333630613532383139366334323933656431653030653731333539303438333233653961663239323964646631653330333133a2676b696e67646f6d582200200211d989c011fb06c6ee252110f4a224dda5cab430919bceb8d9c5e49e956940646e616d656a41727468726f706f6461"

[[commits]]
entry_hash = "0020e55d5204c4b490b31511602687737ae4a6ea8176bf08158f6a338ae928cbbf9c"
entry = "004414201efb0ddd7514b21356f264989a4f7491d1838f31c660be1b2fe443511a0501910020e50fd535f41d6a3cb428ebd33a1bf3fbff7ee0e169f9abbbbc4d0b07f34211ca6cddaaf1994fe4e1514e873b0993fd3d82b57fe14893970a61f86c97a246240a9eb1f766f4da548ac12f9d67e62aaea23cb0a58204cf687b7b769c9ea5b03a01"
operation = "84010078537461786f6e6f6d795f636c6173735f3030323063373930363931653033366564303930333932623463303665623335383665623133306564616565366563653264346134383630376632343062633131663931a2646e616d6567496e7365637461667068796c756d582200205e8c369a9761f9fbf8741763c96d8d09a0bb1f3580ccb61fe44c703e798733bc"

[[commits]]
entry_hash = "00204e6f43e4de87beadb114c07bd682d1faabf787d77b12b7a2628fa716c42abc7c"
entry = "004414201efb0ddd7514b21356f264989a4f7491d1838f31c660be1b2fe443511a0601940020228fdee080e48794f40274a049d57e273bac453a5b210a6a02f03234be6e937e44aa2fa01b2ee1db8ffe2de27cbc107045b4f5cb652ddc01e67fb85eab757774075f870cc9da54227b421b6baedbafa6a2687457d79b40b7bc504708fec44802"
operation = "84010078537461786f6e6f6d795f6f726465725f3030323038636564356239666332336133663365383734343463346265376633303562626663663439383964373763663664323038633537396465316665306133623739a265636c61737358220020e55d5204c4b490b31511602687737ae4a6ea8176bf08158f6a338ae928cbbf9c646e616d656b48796d656e6f7074657261"

[[commits]]
entry_hash = "0020b229f558792a27fbcf09bdbfd638247fe356eac2acc4502e167b8a2fbb17918e"
entry = "004414201efb0ddd7514b21356f264989a4f7491d1838f31c660be1b2fe443511a07019000200de59b286e8082d3a9cbcc79d254356662b48c5b4af46d9889aba02665127795d01ee0a6d5e7491f8bd8818db55a4751a222b61bbcb562c83c8960bd93f039bb7ab7bd1f03874bfc2209199a09b6bbd379a4f634f3afd8191f1e93b0561dee09"
operation = "84010078547461786f6e6f6d795f66616d696c795f3030323062646237386535373862656664393737383465326563373731306635333134666332326662343834653539656566376136366639343865613935336133386463a2646e616d6566417069646165656f72646572582200204e6f43e4de87beadb114c07bd682d1faabf787d77b12b7a2628fa716c42abc7c"

[[commits]]
entry_hash = "0020fca4a4abc7ffe1e83a3a6bfc80bdc1c02e183a9b3cf7ca13a40728a198e91708"
entry = "004414201efb0ddd7514b21356f264989a4f7491d1838f31c660be1b2fe443511a080199002046fa613071a7513499029fb9e1d36dacd5977936c6e4c52864dbbd532dfe481d0d265b08ee8ed8626adc6ec2582bfbd0c1aa186a0397f9694350e3cb07f518998c932de6ae17c14ab191076e4cbeff997121e3cadb04162cd0fe57d6bd656905"
operation = "84010078577461786f6e6f6d795f73756266616d696c795f3030323061626630653536376563353564343037633238386637643737626435386631613532396664623065623663626237343237396238336235336662346661396332a26666616d696c7958220020b229f558792a27fbcf09bdbfd638247fe356eac2acc4502e167b8a2fbb17918e646e616d656b436f72626963756c617461"

[[commits]]
entry_hash = "00203f66c2484e98d166fcf0a5551534a9c6e5c4ad163dcdc67b05d76f21f4b7883e"
entry = "004414201efb0ddd7514b21356f264989a4f7491d1838f31c660be1b2fe443511a09019700208de690ae6725a307da774704fb4c01e8019670dceb11cf51f15773baa7ccf12c67ae6c9e900a5a38db10f22c7f965b7b797f6c23e0403f097c78340bd6415391529dada7077b0a4ae36434ed92ff4602af88ac8b2e4ba804c60bb51d1382340b"
operation = "84010078537461786f6e6f6d795f74726962655f3030323065666633386565346564356265643132623631343532633634373266386364396336393265346633396233366136623335663136666465333039643536643030a2646e616d656a4d656c69706f6e696e696973756266616d696c7958220020fca4a4abc7ffe1e83a3a6bfc80bdc1c02e183a9b3cf7ca13a40728a198e91708"

# ~~~~~~~~~~~~~~
# Initial Genera
# ~~~~~~~~~~~~~~

# - Austroplebeia
[[commits]]
entry_hash = "0020e1343149ef7c4d72bdc665518791d2d33c95af9c7b2e4ea43203b6a881823e07"
entry = "004414201efb0ddd7514b21356f264989a4f7491d1838f31c660be1b2fe443511a0a01960020195042a43c302537569e7b9e303411ba5dc1b38340f2137839ba026858ab98080738e9734161bd763873448770fc23cbb21994b205b075dfdc071fe3a0070aa23d20d9a038896fdcf712a069b81cb4937a4d111247172422f231fee1bc58b002"
operation = "84010078537461786f6e6f6d795f67656e75735f3030323065626632373436343438623466646635363364653134383665666330383263313234333532326432353739616561616631326537393337633662633836656261a2646e616d656d41757374726f706c6562656961657472696265582200203f66c2484e98d166fcf0a5551534a9c6e5c4ad163dcdc67b05d76f21f4b7883e"

# - Aparatrigona
[[commits]]
entry_hash = "002003092cc34192703921e3d7b1404b2b54238c163b243a958e1a968425779fc2a3"
entry = "004414201efb0ddd7514b21356f264989a4f7491d1838f31c660be1b2fe443511a0d01950020c3cc0ad7a12d3a052042d5f625b397ad2ba2442ee8f2be7ea03d395310119f22dc336cc860def22003b587d3afd5e2aeabb55039cb242118e9ac6527222285b3546a81bf6e220ae3acf151ef8c146086bfc6cef581bd2e81510f9811b271e304"
operation = "84010078537461786f6e6f6d795f67656e75735f3030323065626632373436343438623466646635363364653134383665666330383263313234333532326432353739616561616631326537393337633662633836656261a2646e616d656c4170617261747269676f6e61657472696265582200203f66c2484e98d166fcf0a5551534a9c6e5c4ad163dcdc67b05d76f21f4b7883e"

# - Apotrigona
[[commits]]
entry_hash = "00205a1b307fc619ab700903708e1b747e082723529c17fdc91c04db3247eaf66a15"
entry = "004414201efb0ddd7514b21356f264989a4f7491d1838f31c660be1b2fe443511a0e0193002032aeb15641f228b2ad98da1c060dbe3c6a2a7fdfa3b2aeac836f92fb56320bcd98e26e0f382f3cb7d2873839efa1068321f859171b67de473820271dac3b31ceb25300bb13aa618a552fefc2b3a2918ff8ba4cb1c031b433fa57ba42e6182b01"
operation = "84010078537461786f6e6f6d795f67656e75735f3030323065626632373436343438623466646635363364653134383665666330383263313234333532326432353739616561616631326537393337633662633836656261a2646e616d656a41706f747269676f6e61657472696265582200203f66c2484e98d166fcf0a5551534a9c6e5c4ad163dcdc67b05d76f21f4b7883e"

# - Asperplebeia

[[commits]]
entry_hash = "0020908e5e772e67116de860b4268ac23b379bf53c008003aead4f51012630f9260a"
entry = "004414201efb0ddd7514b21356f264989a4f7491d1838f31c660be1b2fe443511a0f01950020ccb5f6f0ea5dc877fa31ab070b979f79e4de2c874277044218d73a7c9c16a7abcf15b533b4aa82ad74df45da608a31d6aa4c6027e681e9adcb571e3ccc1752c0a2867568891b36c8654e7e2955e2748334a78450db0911a76ee21c054f57cd01"
operation = "84010078537461786f6e6f6d795f67656e75735f3030323065626632373436343438623466646635363364653134383665666330383263313234333532326432353739616561616631326537393337633662633836656261a2646e616d656c4173706572706c6562656961657472696265582200203f66c2484e98d166fcf0a5551534a9c6e5c4ad163dcdc67b05d76f21f4b7883e"

# - Axestotrigona
[[commits]]
entry_hash = "0020197d1c97d919ed070b3e2d27770f6d52bc8e7f956324ed040142e8ca3c25055b"
entry = "004414201efb0ddd7514b21356f264989a4f7491d1838f31c660be1b2fe443511a10019600201a7755f420c24b454737ea34e6f586629c6a107f42735f23af04ff950adce8a29a13cac02e287b99675d2e153d1a6ae5f800dbcc9bda57345519f87601c39cb33124328124ab2cc3a3bdca25f86b5974789151db6369feb487bca99630cb4e0b"
operation = "84010078537461786f6e6f6d795f67656e75735f3030323065626632373436343438623466646635363364653134383665666330383263313234333532326432353739616561616631326537393337633662633836656261a2646e616d656d41786573746f747269676f6e61657472696265582200203f66c2484e98d166fcf0a5551534a9c6e5c4ad163dcdc67b05d76f21f4b7883e"

# - Camargoia
[[commits]]
entry_hash = "00204c2759db07aecca4d9f35e6b4027f9884f27fd7b0fc8b662aae120f28c1da558"
entry = "004414201efb0ddd7514b21356f264989a4f7491d1838f31c660be1b2fe443511a1101920020df8cd3493bc94f8ab81398cad31e45a69b46d5a907210058f75f94812f7126941780a708b8e1aac676e17d5d9cd8490ac35819dfd2892e711ac3d1edbfa4b8fdd0b7cb5a6e40440d35751644c3b496caaba5a4da326199f32e3ae58e71c6c80c"
operation = "84010078537461786f6e6f6d795f67656e75735f3030323065626632373436343438623466646635363364653134383665666330383263313234333532326432353739616561616631326537393337633662633836656261a2646e616d656943616d6172676f6961657472696265582200203f66c2484e98d166fcf0a5551534a9c6e5c4ad163dcdc67b05d76f21f4b7883e"

# - Celetrigona
[[commits]]
entry_hash = "002043b3266f0e3f0927ff95a1e3233a88458854758127041a64597954a856a09b8d"
entry = "004414201efb0ddd7514b21356f264989a4f7491d1838f31c660be1b2fe443511a12019400203b8d9f393588a1c1c5211cbcbf9fa85833d40afc5980fde5e462572111c50cfe1ff69ecb69ab0f2d0d81d524edaeba38d4a314de728f7d208bde0f2ee16ecb30868360779fa7c60dfae48bb9e1614173e202dfbc5b426f187f858a86cee14402"
operation = "84010078537461786f6e6f6d795f67656e75735f3030323065626632373436343438623466646635363364653134383665666330383263313234333532326432353739616561616631326537393337633662633836656261a2646e616d656b43656c65747269676f6e61657472696265582200203f66c2484e98d166fcf0a5551534a9c6e5c4ad163dcdc67b05d76f21f4b7883e"

# - Cephalotrigona
[[commits]]
entry_hash = "002025304ee66888038c3900ffdf6a1ce3c76ea4b155c4651f919fe089044d606eba"
entry = "004414201efb0ddd7514b21356f264989a4f7491d1838f31c660be1b2fe443511a13019700202d766d893db1331d1864e48816782e412bb36cf88b8b5807a3bb1910fd3fb4aadf6af2ba46f0e6b13535ebf8edd8ad13b25040548a76046b1f5b5cd524d0c35ac11640c7d4db1aaf64622176684c771c858204ca40f3353c45bb2ab507d00107"
operation = "84010078537461786f6e6f6d795f67656e75735f3030323065626632373436343438623466646635363364653134383665666330383263313234333532326432353739616561616631326537393337633662633836656261a2646e616d656e43657068616c6f747269676f6e61657472696265582200203f66c2484e98d166fcf0a5551534a9c6e5c4ad163dcdc67b05d76f21f4b7883e"

# - Cleptotrigona
[[commits]]
entry_hash = "0020f6e98a29df45ceb3fd451eddd49fb776a6149941549abcc0436e6e9bced25168"
entry = "004414201efb0ddd7514b21356f264989a4f7491d1838f31c660be1b2fe443511a14019600205263a633002892acb7b8d2185480cbe60490de7b46e6ed3e52e491e35bf91e5a930d2038131f860f2a2fb5ce932a84ca269323408a42900beb8fc775cc525a922d6cff0923bb9a126b0c35b72ce32b3dc393a56e5c31d99eab8e13f680c64c0f"
operation = "84010078537461786f6e6f6d795f67656e75735f3030323065626632373436343438623466646635363364653134383665666330383263313234333532326432353739616561616631326537393337633662633836656261a2646e616d656d436c6570746f747269676f6e61657472696265582200203f66c2484e98d166fcf0a5551534a9c6e5c4ad163dcdc67b05d76f21f4b7883e"

# - Dactylurina
[[commits]]
entry_hash = "0020dd83fd0ac6b33e3b5658cdae89bec51ed6b65aa919f4c6b3fb4da8cde5f36837"
entry = "004414201efb0ddd7514b21356f264989a4f7491d1838f31c660be1b2fe443511a15019400200919673161b3a2ccada426a9a1e4039b25dc5e4109911113be2dc7ea75fcb3913d3c57f4cf78fa65b4da0478cf909de7b30d9311c969a9ca58e1f8779c7de9fbcf6c05fe3fc63e6a28c62d7aa8f9c3d95537f6ed8131fc257f1e7c5b3dc5d206"
operation = "84010078537461786f6e6f6d795f67656e75735f3030323065626632373436343438623466646635363364653134383665666330383263313234333532326432353739616561616631326537393337633662633836656261a2646e616d656b44616374796c7572696e61657472696265582200203f66c2484e98d166fcf0a5551534a9c6e5c4ad163dcdc67b05d76f21f4b7883e"

# - Dolichotrigona
[[commits]]
entry_hash = "00206ae681a94078c1a6a6aaed37d6ef00963f01ce28e32d9d71307f7ea2fdf2757a"
entry = "004414201efb0ddd7514b21356f264989a4f7491d1838f31c660be1b2fe443511a1601970020b7d186037b31fac800a8aefc77c39e1fca98dad7663bf389f36c97d70a979d89982c7544deff80c87a856ad055a2001dfc5761ae409b01cb39c315d312306c2e42a76d312adee178b9db99a68bc9af10c4796c31b7990d1e698e01238f781604"
operation = "84010078537461786f6e6f6d795f67656e75735f3030323065626632373436343438623466646635363364653134383665666330383263313234333532326432353739616561616631326537393337633662633836656261a2646e616d656e446f6c6963686f747269676f6e61657472696265582200203f66c2484e98d166fcf0a5551534a9c6e5c4ad163dcdc67b05d76f21f4b7883e"

# - Duckeola
[[commits]]
entry_hash = "002034d2b887f1bd09cd0f7e074ef5d009dd296344b4f41c7c10d6828927bc3c02a9"
entry = "004414201efb0ddd7514b21356f264989a4f7491d1838f31c660be1b2fe443511a170191002022063785967b507122a3e647ea8ab45125252c8ce60246e16499d322d1bf7d0dc411c495921fdd43062e3930c2e270fe39ebfa81b22576ecdc6e6360e6c58088eac2ffc3483751d1d67f22a65a6400c2e40cb42db0032a5fb89fd42d32b0430a"
operation = "84010078537461786f6e6f6d795f67656e75735f3030323065626632373436343438623466646635363364653134383665666330383263313234333532326432353739616561616631326537393337633662633836656261a2646e616d65684475636b656f6c61657472696265582200203f66c2484e98d166fcf0a5551534a9c6e5c4ad163dcdc67b05d76f21f4b7883e"

# - Ebaiotrigona
[[commits]]
entry_hash = "0020d085afd956c38f8ca9bb90a103f3a357205110ac08dcde4c61f198369aeec512"
entry = "004414201efb0ddd7514b21356f264989a4f7491d1838f31c660be1b2fe443511a180195002011e8d908143b036830155cbf611bd48041bfb71f65a6c6a63a0939f1d2994a7356d45da81f678eb8d563b3346148052ac2aab4b0a49cd26d115e04d81944f3425f9adbda8731286f227ab0f87c0f9795ebe74eec129da524c4c4ab17b731bf07"
operation = "84010078537461786f6e6f6d795f67656e75735f3030323065626632373436343438623466646635363364653134383665666330383263313234333532326432353739616561616631326537393337633662633836656261a2646e616d656c456261696f747269676f6e61657472696265582200203f66c2484e98d166fcf0a5551534a9c6e5c4ad163dcdc67b05d76f21f4b7883e"

# - Friesella
[[commits]]
entry_hash = "00202727ffccd6b3ecbc539167f9ce35e6935f9ba63ff25cd5477a8060421dc0cd88"
entry = "004414201efb0ddd7514b21356f264989a4f7491d1838f31c660be1b2fe443511a1901920020bf7b4cfe95f1c46d5123f6887f6fc733a9bf7369daf60adfc1c6d01c9b223cf5bc02b21df37ec7094f2e9406854c971aa7205f8d064b518d092560fe7d44524d390fd4d54d4b2532cc20d81a8fdae685a14603d5a2b6f524f9f53e82f00f4805"
operation = "84010078537461786f6e6f6d795f67656e75735f3030323065626632373436343438623466646635363364653134383665666330383263313234333532326432353739616561616631326537393337633662633836656261a2646e616d65694672696573656c6c61657472696265582200203f66c2484e98d166fcf0a5551534a9c6e5c4ad163dcdc67b05d76f21f4b7883e"

# - Frieseomelitta
[[commits]]
entry_hash = "00203fbaddf574055ae956a8e55e9ead8f07f8df68b93cd925abbb83825a68865d64"
entry = "004414201efb0ddd7514b21356f264989a4f7491d1838f31c660be1b2fe443511a1a01970020f8cc4ca15a73e58595fdb89930dcca746e04f9ade5160c00fbe2db853a6f3104845e53a89bf41a2700a0465a81d80ced86313b0b9536d89904fa97b585bc76b869e394da61ca1002487f8d2c74457646ad9d107af8ce486d2ac89582f4dcc205"
operation = "84010078537461786f6e6f6d795f67656e75735f3030323065626632373436343438623466646635363364653134383665666330383263313234333532326432353739616561616631326537393337633662633836656261a2646e616d656e4672696573656f6d656c69747461657472696265582200203f66c2484e98d166fcf0a5551534a9c6e5c4ad163dcdc67b05d76f21f4b7883e"

# - Geniotrigona
[[commits]]
entry_hash = "0020f5b5e22f69798a49b88ecc7af9a0f3e14c145ae46a79b28ac2b39873723ee407"
entry = "004414201efb0ddd7514b21356f264989a4f7491d1838f31c660be1b2fe443511a1b01950020a6df19b86247bc24297bb3d7307fcf0497d9daa1319194fdc74dce2204521ca5718a32628e5f54e343fe70e80c8adefc2e67754e045337c0db3f4e5e3bfcfd8b179c4421bac7a57151d22d7fb31028ddc427341bc49e4256d90b5c4c4fe6770e"
operation = "84010078537461786f6e6f6d795f67656e75735f3030323065626632373436343438623466646635363364653134383665666330383263313234333532326432353739616561616631326537393337633662633836656261a2646e616d656c47656e696f747269676f6e61657472696265582200203f66c2484e98d166fcf0a5551534a9c6e5c4ad163dcdc67b05d76f21f4b7883e"

# - Geotrigona
[[commits]]
entry_hash = "00209f94b49a14c643bf1d50e8279be0b2c25466c7353698b8bdc95f68c377c15290"
entry = "004414201efb0ddd7514b21356f264989a4f7491d1838f31c660be1b2fe443511a1c01930020edab5f40792821632ae29102dff9859398e8e6484cb5fbf2d62a36f9a797a59231e7c8f373c3e0378f4ebaca0c3f1e31f86424ed22f124af0a2ddb49ba727d1c3e8b421f3a3db2135068a203c5a0ebaed8d5fa5189028f80f7f912f87dcd9a02"
operation = "84010078537461786f6e6f6d795f67656e75735f3030323065626632373436343438623466646635363364653134383665666330383263313234333532326432353739616561616631326537393337633662633836656261a2646e616d656a47656f747269676f6e61657472696265582200203f66c2484e98d166fcf0a5551534a9c6e5c4ad163dcdc67b05d76f21f4b7883e"

# - Heterotrigona
[[commits]]
entry_hash = "0020b69da1e07e14bbdc17296f52080b477a6ed50b2ed8409c488874325861a99d60"
entry = "004414201efb0ddd7514b21356f264989a4f7491d1838f31c660be1b2fe443511a1d019600207cd112c1cb02b07523a86b9e97f2158f795858e537300a8645050d0112952bc9e57258367da03f42d192b578d08452fba61264f7f6129927d4807461ce236a4af5b2d06ad8974a370380d9288631d8154d1f66aaee6dd8f6b80b31a7ac1a8a01"
operation = "84010078537461786f6e6f6d795f67656e75735f3030323065626632373436343438623466646635363364653134383665666330383263313234333532326432353739616561616631326537393337633662633836656261a2646e616d656d48657465726f747269676f6e61657472696265582200203f66c2484e98d166fcf0a5551534a9c6e5c4ad163dcdc67b05d76f21f4b7883e"

# - Homotrigona
[[commits]]
entry_hash = "00206e974abba80f69ae57b16d66e61b1595b31a2037fa6b4ceb3a658c10e3994558"
entry = "004414201efb0ddd7514b21356f264989a4f7491d1838f31c660be1b2fe443511a1e01940020892c72fc20f4f45ea47cd0e77fdf61c9f71d5ac3fa871fa36c8da123b410cb7224640a9021e8aa70249911bcb9ec3feb409e2d8194acdb4a4cde6b9291d6008408b1ccbb0d782012ad396e71b85ac36b22fd2cdd48f2e81c1206d3078024a10a"
operation = "84010078537461786f6e6f6d795f67656e75735f3030323065626632373436343438623466646635363364653134383665666330383263313234333532326432353739616561616631326537393337633662633836656261a2646e616d656b486f6d6f747269676f6e61657472696265582200203f66c2484e98d166fcf0a5551534a9c6e5c4ad163dcdc67b05d76f21f4b7883e"

# - Hypotrigona
[[commits]]
entry_hash = "0020229829cdb8261d3a4e0a3439ac7b61768f7ee8dd9fba36321e4fd6bc0957a849"
entry = "004414201efb0ddd7514b21356f264989a4f7491d1838f31c660be1b2fe443511a1f019400203eabede2e00d14f5741b14d5aff2a4147be6776db2854a18e067f6f9dcae5aaa7459e30636c58a25d463e945f10d7fe9658711d7c4292dcce54bc149ffb4bf3a5b386c9d26e3bb14fd84947670bd479850d82d05989763a6db0f593f5c54c806"
operation = "84010078537461786f6e6f6d795f67656e75735f3030323065626632373436343438623466646635363364653134383665666330383263313234333532326432353739616561616631326537393337633662633836656261a2646e616d656b4879706f747269676f6e61657472696265582200203f66c2484e98d166fcf0a5551534a9c6e5c4ad163dcdc67b05d76f21f4b7883e"

# - Lepidotrigona
[[commits]]
entry_hash = "0020a28a8bd1bc08d65ed1d258daca9088e0171ba76409d6809a3cc105846cfad45f"
entry = "004414201efb0ddd7514b21356f264989a4f7491d1838f31c660be1b2fe443511a2001960020254b23455782332c0f0b462d96557dfa9c47dee8e24a6ebc861ae42f895041d9776f6b3acffb9dea439dc0ad08995ceef6df4884bd733bf27b39d41f8db8baae3fd2f77670f8fd64b65404065bff1cef20c158c4bc97c10d2825b1817c8cd603"
operation = "84010078537461786f6e6f6d795f67656e75735f3030323065626632373436343438623466646635363364653134383665666330383263313234333532326432353739616561616631326537393337633662633836656261a2646e616d656d4c657069646f747269676f6e61657472696265582200203f66c2484e98d166fcf0a5551534a9c6e5c4ad163dcdc67b05d76f21f4b7883e"

# - Lestrimelitta
[[commits]]
entry_hash = "002089658c230bf114113b3934a02c67ff409c33654d5fa2b8190cb953a9dcaa2e73"
entry = "004414201efb0ddd7514b21356f264989a4f7491d1838f31c660be1b2fe443511a2101960020b091ef8de43c4b7908bc6a8b662af6f787e5653e5c1de0d502da78281476be45670d5d6b11c362f3d14afba291c7b5a72afc9847d9856e3f1615cc488c9ff68c1c3981319fd4e17e97c93b9e26d0c91daa9b397959ab465700983a2baf2e6d09"
operation = "84010078537461786f6e6f6d795f67656e75735f3030323065626632373436343438623466646635363364653134383665666330383263313234333532326432353739616561616631326537393337633662633836656261a2646e616d656d4c65737472696d656c69747461657472696265582200203f66c2484e98d166fcf0a5551534a9c6e5c4ad163dcdc67b05d76f21f4b7883e"

# - Leurotrigona
[[commits]]
entry_hash = "00208da6059a3966fac29281454d2eae14f6bae83391139b37d4ef76e99e4669716e"
entry = "004414201efb0ddd7514b21356f264989a4f7491d1838f31c660be1b2fe443511a220195002081865aac48177b0fe357c44d55f882d0e3b9f3da312b1e0b815b6ea395872bf82a5e1275809f2a460b9d31f2af85f7ee926781618b308550db4126ab2165308d2b1bddac05ae1e90c2fd4039679f3f37ba4da4cee38cde6b6953d957c7edaf09"
operation = "84010078537461786f6e6f6d795f67656e75735f3030323065626632373436343438623466646635363364653134383665666330383263313234333532326432353739616561616631326537393337633662633836656261a2646e616d656c4c6575726f747269676f6e61657472696265582200203f66c2484e98d166fcf0a5551534a9c6e5c4ad163dcdc67b05d76f21f4b7883e"

# - Liotrigona
[[commits]]
entry_hash = "002062dd2380b47aca892af9552d2c7c0473daf9ef163c4db0c898d652af302c88b6"
entry = "004414201efb0ddd7514b21356f264989a4f7491d1838f31c660be1b2fe443511a23019300204aa92ddc80903066994a0b36da72af1cdb41450426f8c44a1299132e3316d544535d467eff63b0a982453ab59be9b3b46972e7242a91f381a558d2224bd42c052910e07e97b26ba5d12a58cbf47ea0d438b1698ee1d3daadcdfaeef2fdd7d300"
operation = "84010078537461786f6e6f6d795f67656e75735f3030323065626632373436343438623466646635363364653134383665666330383263313234333532326432353739616561616631326537393337633662633836656261a2646e616d656a4c696f747269676f6e61657472696265582200203f66c2484e98d166fcf0a5551534a9c6e5c4ad163dcdc67b05d76f21f4b7883e"

# - Lisotrigona
[[commits]]
entry_hash = "0020dba55d0ee1f7bd4452bd6286d03cb77b223df3439980a0670d956364a7b4cf4d"
entry = "004414201efb0ddd7514b21356f264989a4f7491d1838f31c660be1b2fe443511a24019400208255a795f79aaf3d2339f2e7860e40406ae2849ca28da6d222f629dd3a7b31507eea1b5e9bcfe5dcc32c04d83ea3bf76c72fae41e012ab001de2c23bd86b09555093343e110f2ac5eef798b643cbd8288b309f3d1599f0c49d40bcd04d36860d"
operation = "84010078537461786f6e6f6d795f67656e75735f3030323065626632373436343438623466646635363364653134383665666330383263313234333532326432353739616561616631326537393337633662633836656261a2646e616d656b4c69736f747269676f6e61657472696265582200203f66c2484e98d166fcf0a5551534a9c6e5c4ad163dcdc67b05d76f21f4b7883e"

# - Lophotrigona
[[commits]]
entry_hash = "0020e87aa74e959245cc36b0ea7e241b1d40e3008d8fcaed469c6992c1e51e1a6783"
entry = "004414201efb0ddd7514b21356f264989a4f7491d1838f31c660be1b2fe443511a2501950020e1e4293bf1538cd51e8f9f1064ec836475bf1f6d593559e9827b91536923b7358a1c3811667a4f7af60a4cea36edbce43f3912bd78bbd8b03ccef0043c46c26500de60193e0c159687ad520f65ff16663f76361ec75b8638b7f011c3ace3d303"
operation = "84010078537461786f6e6f6d795f67656e75735f3030323065626632373436343438623466646635363364653134383665666330383263313234333532326432353739616561616631326537393337633662633836656261a2646e616d656c4c6f70686f747269676f6e61657472696265582200203f66c2484e98d166fcf0a5551534a9c6e5c4ad163dcdc67b05d76f21f4b7883e"

# - Meliplebeia
[[commits]]
entry_hash = "0020981c21bfea698ace2a62e83cd9719f058264a9598f2fdef8aaa5dd1d8ad5374b"
entry = "004414201efb0ddd7514b21356f264989a4f7491d1838f31c660be1b2fe443511a26019400202ca4e11d98146ac28cfe850b3c77775dc474b1c8c5ced292a8c379be786f22c234f517dd6b4f02df61c3f237e2d9659fe1b2de8d81da30aaff61eee41ba094e6970b3b96ebb6cbe8874dc5c1492b0891e1c7020866fcd57db0da28c6fa5c3d04"
operation = "84010078537461786f6e6f6d795f67656e75735f3030323065626632373436343438623466646635363364653134383665666330383263313234333532326432353739616561616631326537393337633662633836656261a2646e616d656b4d656c69706c6562656961657472696265582200203f66c2484e98d166fcf0a5551534a9c6e5c4ad163dcdc67b05d76f21f4b7883e"

# - Melipona
[[commits]]
entry_hash = "00206114afaef2b699157cf7c542312f749c0abdc7aba04aab8367dd92640bbe91bc"
entry = "004414201efb0ddd7514b21356f264989a4f7491d1838f31c660be1b2fe443511a2701910020ffaf58e8aaaeed57000961692a83320c6fe64a7b6121e900e26c0945428fcf0bbf16f58e9b37882ec3b462db6e8ce94c36015d47c32e244b5ce64daeed753c0d2c39a50b5a6bf955939224df4f132e875a81d31a52d437de1384b724c84d850a"
operation = "84010078537461786f6e6f6d795f67656e75735f3030323065626632373436343438623466646635363364653134383665666330383263313234333532326432353739616561616631326537393337633662633836656261a2646e616d65684d656c69706f6e61657472696265582200203f66c2484e98d166fcf0a5551534a9c6e5c4ad163dcdc67b05d76f21f4b7883e"

# - Meliponula
[[commits]]
entry_hash = "00206bf551c528230f6251edb41082fe390823749c12585d6ef9c41771bc9fc3ddf1"
entry = "004414201efb0ddd7514b21356f264989a4f7491d1838f31c660be1b2fe443511a280193002035135e46a933325e780e071ff50251cb6c28d777327abf7248316798ac195c8746cbba1dcfd256dc43be5374764e0d63e5b0a31c435428503464018e325dc4a4dd23ac16aeaacd56e3167453b7700d02c91367146cf2fd9ed77b3d0d72c5160d"
operation = "84010078537461786f6e6f6d795f67656e75735f3030323065626632373436343438623466646635363364653134383665666330383263313234333532326432353739616561616631326537393337633662633836656261a2646e616d656a4d656c69706f6e756c61657472696265582200203f66c2484e98d166fcf0a5551534a9c6e5c4ad163dcdc67b05d76f21f4b7883e"

# - Meliwillea
[[commits]]
entry_hash = "00206a458769fa95ea0fd1b40252b0d84b5c6b4835ab65db5363c220f8d505fb8292"
entry = "004414201efb0ddd7514b21356f264989a4f7491d1838f31c660be1b2fe443511a29019300203b948c8ee74ce1f8bd351f28bb6fe8e21477b1c50f76ee24a28f8803dbf2dbf0b44dbba7455156c3635df2a87c72393b2bd2101274faf4441605ab3508401e782b83492305f958829cf79d89864f49e881593a56625ddd580db51fac6a3a4905"
operation = "84010078537461786f6e6f6d795f67656e75735f3030323065626632373436343438623466646635363364653134383665666330383263313234333532326432353739616561616631326537393337633662633836656261a2646e616d656a4d656c6977696c6c6561657472696265582200203f66c2484e98d166fcf0a5551534a9c6e5c4ad163dcdc67b05d76f21f4b7883e"

# - Mourella
[[commits]]
entry_hash = "0020e9c4ce6ac0fa4139adfc77a12c707e4fa5956c23897979bdbfd6e79c749a1d7f"
entry = "004414201efb0ddd7514b21356f264989a4f7491d1838f31c660be1b2fe443511a2a01910020c8f0c902d10afe735c5a06ac3d2fa1b2342cdca7bdd29762a53659f56c7d19e753dc3a939c417017c4d78dcf131e0b7288198515865e6a329e7029e930e1d6d5199ac79f950994070e57e38683fed290e4c315482bd3839283d0e1b078c9aa01"
operation = "84010078537461786f6e6f6d795f67656e75735f3030323065626632373436343438623466646635363364653134383665666330383263313234333532326432353739616561616631326537393337633662633836656261a2646e616d65684d6f7572656c6c61657472696265582200203f66c2484e98d166fcf0a5551534a9c6e5c4ad163dcdc67b05d76f21f4b7883e"

# - Nannotrigona
[[commits]]
entry_hash = "00204bc3fd13a6f2dc816004c191b366589fd680b3ea52e3c4a9a264837ba4f808ee"
entry = "004414201efb0ddd7514b21356f264989a4f7491d1838f31c660be1b2fe443511a2b01950020ec0f60cdfad6f5998a6928404eb55eb26a47de8c8d640b44a429f78101ca3341ec42aaf676f6c2372baae2a378ddca1f79ab7ac61ace4b7ca0ca8a5e23d535d0bf8c02f4959c8b550b556cdc52ab618cc524abdbb1840a3b697ea6be815c6102"
operation = "84010078537461786f6e6f6d795f67656e75735f3030323065626632373436343438623466646635363364653134383665666330383263313234333532326432353739616561616631326537393337633662633836656261a2646e616d656c4e616e6e6f747269676f6e61657472696265582200203f66c2484e98d166fcf0a5551534a9c6e5c4ad163dcdc67b05d76f21f4b7883e"

# - Nanoplebeia
[[commits]]
entry_hash = "0020c7a8d4296f3d1f1123dbdd7dba29d7c1e014b8f49cf459c02c7fbf45b3c502d0"
entry = "004414201efb0ddd7514b21356f264989a4f7491d1838f31c660be1b2fe443511a2c019400204043500088208e2d01127b131a577875851ddd20f64d02a9837161c3e3036571087cc8fd62c7ec660ad8248fc7379da4f0d78c5b93f99ca555b31f218f504f586957f0a085e69166d902e01a1cb9b4225c8f9a2fced2bd180545443d1b47140e"
operation = "84010078537461786f6e6f6d795f67656e75735f3030323065626632373436343438623466646635363364653134383665666330383263313234333532326432353739616561616631326537393337633662633836656261a2646e616d656b4e616e6f706c6562656961657472696265582200203f66c2484e98d166fcf0a5551534a9c6e5c4ad163dcdc67b05d76f21f4b7883e"

# - Nogueirapis
[[commits]]
entry_hash = "0020adc3a2202bd3e74cfc60475c1991deb353f600a7d0d5fe1eb4eed0f2759e3b80"
entry = "004414201efb0ddd7514b21356f264989a4f7491d1838f31c660be1b2fe443511a2d01940020c8842432669608f8825715edc219345520d67bc9d25ffe02cbadbadfb7a83b5737258582e044e2c38a1c1b5432031c74cf15a8d86fb835ad91eb67d3a8e030504a0b39161634e7ff7e00afe17451fe3f96617cc7bc961c1687faa8a62834c905"
operation = "84010078537461786f6e6f6d795f67656e75735f3030323065626632373436343438623466646635363364653134383665666330383263313234333532326432353739616561616631326537393337633662633836656261a2646e616d656b4e6f677565697261706973657472696265582200203f66c2484e98d166fcf0a5551534a9c6e5c4ad163dcdc67b05d76f21f4b7883e"

# - Odontotrigona
[[commits]]
entry_hash = "002035517e3950df3ce3c74af348802c71e1f92e14a7fefae135753edddfbb3a74e5"
entry = "004414201efb0ddd7514b21356f264989a4f7491d1838f31c660be1b2fe443511a2e019600200b2678144d6fb6733ae2d2ad82feea9412d76b7cfe60e65d43732593fd5e1b77f5e6ff63012636aa6d645abf13536f12e7394516374fa3c32b0f0964a18189452913810ce2070219a60c16f95759e1cc46cc3c67f067adca937fd280d8507b0a"
operation = "84010078537461786f6e6f6d795f67656e75735f3030323065626632373436343438623466646635363364653134383665666330383263313234333532326432353739616561616631326537393337633662633836656261a2646e616d656d4f646f6e746f747269676f6e61657472696265582200203f66c2484e98d166fcf0a5551534a9c6e5c4ad163dcdc67b05d76f21f4b7883e"

# - Oxytrigona
[[commits]]
entry_hash = "0020d58c98bb080f388168d21a9e0805b217e560bcd7e1beefe5f6c2de32a3f0f33c"
entry = "004414201efb0ddd7514b21356f264989a4f7491d1838f31c660be1b2fe443511a2f01930020fbcddbf723e155eb71ad27619408188d3d4af60290ef7f57685daef079b4dc07b0406ee0714652406e6cfabd5d633bc076453db85ad84963d0badf15f147f89cbf905eda38254a5fc17d272ae103435073ead38a4982e84d859b9e74705c8a08"
operation = "84010078537461786f6e6f6d795f67656e75735f3030323065626632373436343438623466646635363364653134383665666330383263313234333532326432353739616561616631326537393337633662633836656261a2646e616d656a4f7879747269676f6e61657472696265582200203f66c2484e98d166fcf0a5551534a9c6e5c4ad163dcdc67b05d76f21f4b7883e"

# - Papuatrigona
[[commits]]
entry_hash = "002017e398a48c05b2c132061d9535ac1f77beeb00bb14f437e6a1df7f49a5b3ff84"
entry = "004414201efb0ddd7514b21356f264989a4f7491d1838f31c660be1b2fe443511a30019500200dd032a6a337cefac1b75e7d46299a4a1bacccfc7b8cd2cae670e72f6205733ec5bde992dbe8cd77a8d8e1e294a336b3f20655560aadbb11ad302daec6918e381415ed8e3950a4c0b3cfac561fd536d23f79ebb592e8c300e3638a2cb6925d04"
operation = "84010078537461786f6e6f6d795f67656e75735f3030323065626632373436343438623466646635363364653134383665666330383263313234333532326432353739616561616631326537393337633662633836656261a2646e616d656c5061707561747269676f6e61657472696265582200203f66c2484e98d166fcf0a5551534a9c6e5c4ad163dcdc67b05d76f21f4b7883e"

# - Paratrigona
[[commits]]
entry_hash = "002052c9ef541c28943d13d8a674f17836fcb20038f80847bd68aeba2f2b49eed171"
entry = "004414201efb0ddd7514b21356f264989a4f7491d1838f31c660be1b2fe443511a310194002005c38d2190d4cf32fd59e136a1d4df73b78dffc8b7bd7f9121d589525ea34acda25148c76f1addf63862e66a9cf933c631712b58e25f75070b5cf72972ba5c5a5acdc165fc16721c718b222ee672f815ce891132b783f02abd74d3306b185d01"
operation = "84010078537461786f6e6f6d795f67656e75735f3030323065626632373436343438623466646635363364653134383665666330383263313234333532326432353739616561616631326537393337633662633836656261a2646e616d656b50617261747269676f6e61657472696265582200203f66c2484e98d166fcf0a5551534a9c6e5c4ad163dcdc67b05d76f21f4b7883e"

# - Pariotrigona
[[commits]]
entry_hash = "0020ff771ea997f8b48bc100ba4bb610374bd516f4be4aefebf338c35a66b458fa55"
entry = "004414201efb0ddd7514b21356f264989a4f7491d1838f31c660be1b2fe443511a32019500204f46b850fb7c58a3101d8709e901721c82a0beee66fba4d927f9bb357f4232a967d315abb09647a0a54492c5b6bad04f29ebec0414ad175d6f82e9d884f1a092b9b742932e4e75d195df1361e52fd5a14781351df4ce0195f9d9d1925bd0610e"
operation = "84010078537461786f6e6f6d795f67656e75735f3030323065626632373436343438623466646635363364653134383665666330383263313234333532326432353739616561616631326537393337633662633836656261a2646e616d656c506172696f747269676f6e61657472696265582200203f66c2484e98d166fcf0a5551534a9c6e5c4ad163dcdc67b05d76f21f4b7883e"

# - Paratrigonoides
[[commits]]
entry_hash = "0020f6a26776efb59518f56811d9dd8e61d4c51d5cdc893afb09936300c16be41a53"
entry = "004414201efb0ddd7514b21356f264989a4f7491d1838f31c660be1b2fe443511a330198002058c0e83d152f80df759ddf452dc701a409e88e16c87dd9d094e733edae0dd01e9041d5152d51be47eacc6613e4aaf3d0b402e7d3e12f45ba5ce5e826cc3ea98a284f9d0b2f36da4d7ee9fd1c3676cc7e80b9eb53de30399ea419ddf63af5890c"
operation = "84010078537461786f6e6f6d795f67656e75735f3030323065626632373436343438623466646635363364653134383665666330383263313234333532326432353739616561616631326537393337633662633836656261a2646e616d656f50617261747269676f6e6f69646573657472696265582200203f66c2484e98d166fcf0a5551534a9c6e5c4ad163dcdc67b05d76f21f4b7883e"

# - Partamona
[[commits]]
entry_hash = "0020d8f9367cb3bfcc569089f0595a8ece0a0a438f791927dd2ae12bfe5af95b163e"
entry = "004414201efb0ddd7514b21356f264989a4f7491d1838f31c660be1b2fe443511a3401920020107a22a69e4712054f1babeb27dcdcfd1543575e84c22db02b0e4dbb34c4bc33dbba0ad79dc0863b8aa8fe96b620b190b1809490d040dd614021b469d991696d95f3021aa8e3d9680c07c894448b34f7241143deb21a3726e92d507c931fa203"
operation = "84010078537461786f6e6f6d795f67656e75735f3030323065626632373436343438623466646635363364653134383665666330383263313234333532326432353739616561616631326537393337633662633836656261a2646e616d656950617274616d6f6e61657472696265582200203f66c2484e98d166fcf0a5551534a9c6e5c4ad163dcdc67b05d76f21f4b7883e"

# - Plebeia
[[commits]]
entry_hash = "00209047d4e507dbd62a9385bbd004d1241be2a65bf2a7910c403e6abbe7c6ea607e"
entry = "004414201efb0ddd7514b21356f264989a4f7491d1838f31c660be1b2fe443511a3501900020d26cb7e43c798ab39a1d6efeaaa561e02f5cb6c3064436d461942d5b02f0e605bb32c1c708f4793802df690ce5572f955a3791601014efd2cc1d2afeeaaac1f46e71c62db7394f5d49f7e20bedb66deb4db48cec39ebf8d7bcd346292896090f"
operation = "84010078537461786f6e6f6d795f67656e75735f3030323065626632373436343438623466646635363364653134383665666330383263313234333532326432353739616561616631326537393337633662633836656261a2646e616d6567506c6562656961657472696265582200203f66c2484e98d166fcf0a5551534a9c6e5c4ad163dcdc67b05d76f21f4b7883e"

# - Plebeina
[[commits]]
entry_hash = "0020b3e254d3363f9fec84a85c754fadf281423ff566b79980194746c71a72f34fec"
entry = "004414201efb0ddd7514b21356f264989a4f7491d1838f31c660be1b2fe443511a360191002083712eba46282d68c3bb674e4b108db60e818f0cdf8d63bbea501b403de884666adde8fceac1ad9a0939e907e1d5aea18521ac1fdad3273cc7aa6dd20f2cd0651aa1abfdee39addb2b80ab2a8bae05d193a3ae42b87d9ed5fc1350bf62373f0a"
operation = "84010078537461786f6e6f6d795f67656e75735f3030323065626632373436343438623466646635363364653134383665666330383263313234333532326432353739616561616631326537393337633662633836656261a2646e616d6568506c656265696e61657472696265582200203f66c2484e98d166fcf0a5551534a9c6e5c4ad163dcdc67b05d76f21f4b7883e"

# - Ptilotrigona
[[commits]]
entry_hash = "002052a5707b5a49df0de6a8288145f188f0663eb8a566859ee5e37aa4c39341aab7"
entry = "004414201efb0ddd7514b21356f264989a4f7491d1838f31c660be1b2fe443511a37019500208f9170bd744b6a341ca48439cd9f39606b7196c9d0079d2d07d3e43926d681fe740d566087161a5b73eb2566d4186528b905ec7bc89d878b080295c0aa1152ad41efd3bd9519cf935db1cb43d15e5c1d5c1068109373cd0c7565353d92cbae0e"
operation = "84010078537461786f6e6f6d795f67656e75735f3030323065626632373436343438623466646635363364653134383665666330383263313234333532326432353739616561616631326537393337633662633836656261a2646e616d656c5074696c6f747269676f6e61657472696265582200203f66c2484e98d166fcf0a5551534a9c6e5c4ad163dcdc67b05d76f21f4b7883e"

# - Scaptotrigona
[[commits]]
entry_hash = "00207d3b353018cc6fb0b1d5826f4462c9b35fc0fc22957b7056394c9bba941e21eb"
entry = "004414201efb0ddd7514b21356f264989a4f7491d1838f31c660be1b2fe443511a3801960020e1f3069cadce86613adb5ebc5ef5112f6e74ea3d6560036149569d0a7fe1db07b296fef86a1254fca06dc15e8157661a791b5d4fda0a38a46658a5d364a61c86a6fee2a00d849fc835a0461a6900cf8aba300e6f58639af51c4e7f6e20bc9f0a"
operation = "84010078537461786f6e6f6d795f67656e75735f3030323065626632373436343438623466646635363364653134383665666330383263313234333532326432353739616561616631326537393337633662633836656261a2646e616d656d53636170746f747269676f6e61657472696265582200203f66c2484e98d166fcf0a5551534a9c6e5c4ad163dcdc67b05d76f21f4b7883e"

# - Scaura
[[commits]]
entry_hash = "0020d7b5b5dc1698f59ed9634d600f022df9496eea7328131561bcb51bad709bf768"
entry = "004414201efb0ddd7514b21356f264989a4f7491d1838f31c660be1b2fe443511a39018f0020b73de03821d3fe24eeef118795bef819400d7545f84802316ae3cf2ce7a11e7ec7c33579c2c6f58f9ca34fef276569217e22ec147f5cf8bfad27c73492f245f60e234c1044509ef025a8f72228cf0062bd3b3f2d93824bee6e8277fbdd804909"
operation = "84010078537461786f6e6f6d795f67656e75735f3030323065626632373436343438623466646635363364653134383665666330383263313234333532326432353739616561616631326537393337633662633836656261a2646e616d6566536361757261657472696265582200203f66c2484e98d166fcf0a5551534a9c6e5c4ad163dcdc67b05d76f21f4b7883e"

# - Schwarziana
[[commits]]
entry_hash = "002073e54604794c60859dddf0f04dc8e9c289e6304ed657d39ce1a4e1ef3b9a9f37"
entry = "004414201efb0ddd7514b21356f264989a4f7491d1838f31c660be1b2fe443511a3a01940020ab46c946d77c0b5f0421ab08ac68b341a6a7f7be70f1252ddb886a43c2a160c30e9b3a6f60b8b62502f587531530e1e0d2f110e8a0302b92be2ad6efd16bdb0163f3196c203024e165c0b558e58f3be348db565bdfc80fe4786b5cff08705001"
operation = "84010078537461786f6e6f6d795f67656e75735f3030323065626632373436343438623466646635363364653134383665666330383263313234333532326432353739616561616631326537393337633662633836656261a2646e616d656b5363687761727a69616e61657472696265582200203f66c2484e98d166fcf0a5551534a9c6e5c4ad163dcdc67b05d76f21f4b7883e"

# - Tetragona
[[commits]]
entry_hash = "0020ae5f8889c3b045f5554e2d55215d59ddd680c1090e94849f45c65159ebd3dbef"
entry = "004414201efb0ddd7514b21356f264989a4f7491d1838f31c660be1b2fe443511a3b01920020eb49f6551c6a3439c025629423cbf5237d388240dc12613cc5f5d77b1cfe15bd0338a82625da5d18e255fdd471370c54c2be53db95840b2da194635922c4473bc7e84c2025f9789dfd07dcd0bd1e488d823463058edd988710a8b622e967b505"
operation = "84010078537461786f6e6f6d795f67656e75735f3030323065626632373436343438623466646635363364653134383665666330383263313234333532326432353739616561616631326537393337633662633836656261a2646e616d65695465747261676f6e61657472696265582200203f66c2484e98d166fcf0a5551534a9c6e5c4ad163dcdc67b05d76f21f4b7883e"

# - Tetragonisca
[[commits]]
entry_hash = "002092e713f055c287473fdd63b67cedfc649d5d31589e1f84e73f9e95274e189119"
entry = "004414201efb0ddd7514b21356f264989a4f7491d1838f31c660be1b2fe443511a3c0195002044c06652f1f3cc5d4c82e6a613f1a84c5e37ae7b17853dc4cc14a7e803b60af19732d4eb02a92c3f48289612820b7dfde67b417e24ec3a4f3203833c86e04850d67c967f04a1cf2c1c3d616c1abc95fe94bacc6cc25bf03e09e911283fc59402"
operation = "84010078537461786f6e6f6d795f67656e75735f3030323065626632373436343438623466646635363364653134383665666330383263313234333532326432353739616561616631326537393337633662633836656261a2646e616d656c5465747261676f6e69736361657472696265582200203f66c2484e98d166fcf0a5551534a9c6e5c4ad163dcdc67b05d76f21f4b7883e"

# - Tetragonula
[[commits]]
entry_hash = "0020844b241c88e2957fff25a47b1813e81266bda66c3470ff4f9ee3fe49eedeac9a"
entry = "004414201efb0ddd7514b21356f264989a4f7491d1838f31c660be1b2fe443511a3d01940020bb987b8a437ed169c67974925a56e840d8bfd51384ee0ae3c894cb9638345855bf252b127efdc69a9a0ca1833ceb4f4011da8d7b009be89a366ba38f1a968fa86fc7d26660b15dbd2b1ff4773db7fcdc9e36174c6d725f65d9a3bec3ac9e4b07"
operation = "84010078537461786f6e6f6d795f67656e75735f3030323065626632373436343438623466646635363364653134383665666330383263313234333532326432353739616561616631326537393337633662633836656261a2646e616d656b5465747261676f6e756c61657472696265582200203f66c2484e98d166fcf0a5551534a9c6e5c4ad163dcdc67b05d76f21f4b7883e"

# - Trichotrigona
[[commits]]
entry_hash = "0020c80b42515acdcc4696d3d8421207d0fbdb2e03eb842a0635634314251eb1e5aa"
entry = "004414201efb0ddd7514b21356f264989a4f7491d1838f31c660be1b2fe443511a3e0196002082dd1389402d20e1a1eae1664f4a01b3ba82e127c17791cea2c9fff592d84ded68bf51c4771792bd815a839d672f67890c8d020e229efc78a4ca79287c42833328a5dc67e60a907f64a0864ae78a0934b343211183d977dc9be6de801f445807"
operation = "84010078537461786f6e6f6d795f67656e75735f3030323065626632373436343438623466646635363364653134383665666330383263313234333532326432353739616561616631326537393337633662633836656261a2646e616d656d54726963686f747269676f6e61657472696265582200203f66c2484e98d166fcf0a5551534a9c6e5c4ad163dcdc67b05d76f21f4b7883e"

# - Trigona
[[commits]]
entry_hash = "002010a898960bce38aae47f66643dc48390b6fa05f2d23989269e418c635cc1633a"
entry = "004414201efb0ddd7514b21356f264989a4f7491d1838f31c660be1b2fe443511a3f01900020020403cdb18ba364ee83803200e560e83abeff38bcd29e2e3c69321c579bf30491af4c01fe2b559f21bef4ddfef7ad6fb3509a5b34cec32a26434ab7c131f2dd3fcf7deab323d5a52b4305e7ea8152167883cd3656a0a47f5bf0a8071c011c01"
operation = "84010078537461786f6e6f6d795f67656e75735f3030323065626632373436343438623466646635363364653134383665666330383263313234333532326432353739616561616631326537393337633662633836656261a2646e616d6567547269676f6e61657472696265582200203f66c2484e98d166fcf0a5551534a9c6e5c4ad163dcdc67b05d76f21f4b7883e"

# - Trigonisca
[[commits]]
entry_hash = "002030a4e316059644e6472585543f9dacb6f119f6680f7fa7f059d88987dc48528c"
entry = "004414201efb0ddd7514b21356f264989a4f7491d1838f31c660be1b2fe443511a400193002035496010c56aae7f95566ec98eae988f29190250887dc35ea97661e6f21a33484c949ef5106115e410db282769a0623102316e3f97af410b2a9b71d4464fb26dc78da06d87dbb76da2e7bad91f59d68189289359e4de1b3b0b97d698e3504907"
operation = "84010078537461786f6e6f6d795f67656e75735f3030323065626632373436343438623466646635363364653134383665666330383263313234333532326432353739616561616631326537393337633662633836656261a2646e616d656a547269676f6e69736361657472696265582200203f66c2484e98d166fcf0a5551534a9c6e5c4ad163dcdc67b05d76f21f4b7883e"

# - Wallacetrigona
[[commits]]
entry_hash = "002080ba6092914ef5b6dd27ed215d2ae28892243d8644b4ce42dfc02f7c705b5ae7"
entry = "004414201efb0ddd7514b21356f264989a4f7491d1838f31c660be1b2fe443511a41019700202e3ba9bc832b91f1c2f6b17edf84e8775b7b02a6dcca39184d600c15891f30d286d71ed0a1e208136c51d87482a183f60dbe8ef4d171fca13180413a8281df7c713b070e7b96b56f798d1f937839e63912c1a931ffe40812dfb85dcf844ad707"
operation = "84010078537461786f6e6f6d795f67656e75735f3030323065626632373436343438623466646635363364653134383665666330383263313234333532326432353739616561616631326537393337633662633836656261a2646e616d656e57616c6c616365747269676f6e61657472696265582200203f66c2484e98d166fcf0a5551534a9c6e5c4ad163dcdc67b05d76f21f4b7883e"
